
Microsoft Visual Studio Solution File, Format Version 12.00
# Visual Studio Version 16
VisualStudioVersion = 16.0.28729.10
MinimumVisualStudioVersion = 15.0.26124.0
Project("{9A19103F-16F7-4668-BE54-9A1E7A4F7556}") = "Lax.AutoFac.AutoMapper", "Lax.AutoFac.AutoMapper\Lax.AutoFac.AutoMapper.csproj", "{47FBF0D1-A7F4-466C-88FE-D1480866BAA0}"
EndProject
Project("{9A19103F-16F7-4668-BE54-9A1E7A4F7556}") = "Lax.AutoFac.FluentValidation", "Lax.AutoFac.FluentValidation\Lax.AutoFac.FluentValidation.csproj", "{2CB448F0-ABAA-47DB-88EC-5054B6A7520C}"
EndProject
Project("{9A19103F-16F7-4668-BE54-9A1E7A4F7556}") = "Lax.AutoFac.MediatR", "Lax.AutoFac.MediatR\Lax.AutoFac.MediatR.csproj", "{A8D0C441-C34D-4134-857D-C3F8E0564D80}"
EndProject
Project("{9A19103F-16F7-4668-BE54-9A1E7A4F7556}") = "Lax.AutoFac.NodaTime", "Lax.AutoFac.NodaTime\Lax.AutoFac.NodaTime.csproj", "{B734EE08-7371-4433-BEC7-EA2EAB1B9C30}"
EndProject
Project("{9A19103F-16F7-4668-BE54-9A1E7A4F7556}") = "Lax.AutoFac.RegistrationHelpers", "Lax.AutoFac.RegistrationHelpers\Lax.AutoFac.RegistrationHelpers.csproj", "{F9DDBC93-16D4-4AF7-AC88-EA7DC1CDB8C3}"
EndProject
Project("{9A19103F-16F7-4668-BE54-9A1E7A4F7556}") = "Lax.Business.Authorization.Abstractions", "Lax.Business.Authorization.Abstractions\Lax.Business.Authorization.Abstractions.csproj", "{80299219-5C62-4B01-B0A3-3E8C950B4C7C}"
EndProject
Project("{9A19103F-16F7-4668-BE54-9A1E7A4F7556}") = "Lax.Business.Authorization.HttpContext", "Lax.Business.Authorization.HttpContext\Lax.Business.Authorization.HttpContext.csproj", "{D8C6A2E3-322C-480D-A5E8-A7AB1385226C}"
EndProject
Project("{9A19103F-16F7-4668-BE54-9A1E7A4F7556}") = "Lax.Business.Authorization.Static", "Lax.Business.Authorization.Static\Lax.Business.Authorization.Static.csproj", "{D2ED80A0-9631-406E-85EF-C633B93BED53}"
EndProject
Project("{9A19103F-16F7-4668-BE54-9A1E7A4F7556}") = "Lax.Business.Bus.Authorization", "Lax.Business.Bus.Authorization\Lax.Business.Bus.Authorization.csproj", "{1B9B0A56-CCE8-4E05-B6F2-7C61F05552EF}"
EndProject
Project("{9A19103F-16F7-4668-BE54-9A1E7A4F7556}") = "Lax.Business.Bus.Cli", "Lax.Business.Bus.Cli\Lax.Business.Bus.Cli.csproj", "{ECD1E0A0-A2FC-462C-B04C-BCFDCBF58D91}"
EndProject
Project("{9A19103F-16F7-4668-BE54-9A1E7A4F7556}") = "Lax.Business.Bus.Logging", "Lax.Business.Bus.Logging\Lax.Business.Bus.Logging.csproj", "{0F686D0B-AB3D-4DA1-A2B5-474A3D665121}"
EndProject
Project("{9A19103F-16F7-4668-BE54-9A1E7A4F7556}") = "Lax.Business.Bus.UnitOfWork", "Lax.Business.Bus.UnitOfWork\Lax.Business.Bus.UnitOfWork.csproj", "{72BCA0B7-8503-4E08-803B-4CA0DFFB4715}"
EndProject
Project("{9A19103F-16F7-4668-BE54-9A1E7A4F7556}") = "Lax.Business.Bus.Validation", "Lax.Business.Bus.Validation\Lax.Business.Bus.Validation.csproj", "{90AF16D8-F28A-4699-A7DA-9499384959E2}"
EndProject
Project("{9A19103F-16F7-4668-BE54-9A1E7A4F7556}") = "Lax.Business.Domain.Abstractions", "Lax.Business.Domain.Abstractions\Lax.Business.Domain.Abstractions.csproj", "{940E6E32-9D83-4EA2-A03B-7C26E0282D2A}"
EndProject
Project("{9A19103F-16F7-4668-BE54-9A1E7A4F7556}") = "Lax.Business.Domain.Specifications", "Lax.Business.Domain.Specifications\Lax.Business.Domain.Specifications.csproj", "{74E0BBA4-77A6-4649-B1E6-6F7EAFBC8956}"
EndProject
Project("{9A19103F-16F7-4668-BE54-9A1E7A4F7556}") = "Lax.Business.Domain.Values", "Lax.Business.Domain.Values\Lax.Business.Domain.Values.csproj", "{81644056-DFA2-4B15-937D-C9D6F5F33B22}"
EndProject
Project("{9A19103F-16F7-4668-BE54-9A1E7A4F7556}") = "Lax.Cli.Abstractions", "Lax.Cli.Abstractions\Lax.Cli.Abstractions.csproj", "{2C912187-5818-4773-817B-76D5BA7C973C}"
EndProject
Project("{9A19103F-16F7-4668-BE54-9A1E7A4F7556}") = "Lax.Cli.Common", "Lax.Cli.Common\Lax.Cli.Common.csproj", "{917B3581-8022-4E58-85AD-68D9A0D44AE1}"
EndProject
Project("{9A19103F-16F7-4668-BE54-9A1E7A4F7556}") = "Lax.Data.Entities.EntityFrameworkCore", "Lax.Data.Entities.EntityFrameworkCore\Lax.Data.Entities.EntityFrameworkCore.csproj", "{48F1BB8E-2430-49FF-92B7-7118876AA76F}"
EndProject
Project("{9A19103F-16F7-4668-BE54-9A1E7A4F7556}") = "Lax.Data.Entities.ModelBuilder.FluentValidation", "Lax.Data.Entities.ModelBuilder.FluentValidation\Lax.Data.Entities.ModelBuilder.FluentValidation.csproj", "{4E44258B-3B71-414A-B0A6-09166166EE7D}"
EndProject
Project("{9A19103F-16F7-4668-BE54-9A1E7A4F7556}") = "Lax.Data.Sql.Oracle", "Lax.Data.Sql.Oracle\Lax.Data.Sql.Oracle.csproj", "{0BE0CB85-6646-4E5A-8F9A-842930D73AD3}"
EndProject
Project("{9A19103F-16F7-4668-BE54-9A1E7A4F7556}") = "Lax.Data.Sql.Postgres", "Lax.Data.Sql.Postgres\Lax.Data.Sql.Postgres.csproj", "{BB0B539B-F36D-464E-A83D-1BF5445C5B57}"
EndProject
Project("{9A19103F-16F7-4668-BE54-9A1E7A4F7556}") = "Lax.Data.Sql.SqlServer", "Lax.Data.Sql.SqlServer\Lax.Data.Sql.SqlServer.csproj", "{6793593B-C8AD-4AEA-92C0-1D944FF68AE8}"
EndProject
Project("{9A19103F-16F7-4668-BE54-9A1E7A4F7556}") = "Lax.Helpers.AnonymousTypes", "Lax.Helpers.AnonymousTypes\Lax.Helpers.AnonymousTypes.csproj", "{75AA9439-46DC-4DB4-82AD-66C03F79610A}"
EndProject
Project("{9A19103F-16F7-4668-BE54-9A1E7A4F7556}") = "Lax.Helpers.Cryptography", "Lax.Helpers.Cryptography\Lax.Helpers.Cryptography.csproj", "{5EB97D2D-6793-4FA5-906A-B3D65D5E0A70}"
EndProject
Project("{2150E333-8FDC-42A3-9474-1A3956D46DE8}") = "Lax", "Lax", "{98A9934F-72C8-43E4-AC59-F8E808093B34}"
EndProject
Project("{2150E333-8FDC-42A3-9474-1A3956D46DE8}") = "AutoFac", "AutoFac", "{52A274E7-E05A-428E-BEC4-32D1093BDD3B}"
EndProject
Project("{2150E333-8FDC-42A3-9474-1A3956D46DE8}") = "Business", "Business", "{43A3C6D2-7DB2-40DD-8939-628B1B3DCC3D}"
EndProject
Project("{2150E333-8FDC-42A3-9474-1A3956D46DE8}") = "Cli", "Cli", "{26055E53-4565-4C28-9051-EB6756B8488C}"
EndProject
Project("{2150E333-8FDC-42A3-9474-1A3956D46DE8}") = "Data", "Data", "{D529A642-2B91-4A99-8A5D-828358E1640D}"
EndProject
Project("{9A19103F-16F7-4668-BE54-9A1E7A4F7556}") = "Lax.Helpers.DirectedAcyclicGraphs", "Lax.Helpers.DirectedAcyclicGraphs\Lax.Helpers.DirectedAcyclicGraphs.csproj", "{D8E8A684-0ED7-4D20-B292-A376F25D8C5F}"
EndProject
Project("{9A19103F-16F7-4668-BE54-9A1E7A4F7556}") = "Lax.Helpers.Linq", "Lax.Helpers.Linq\Lax.Helpers.Linq.csproj", "{D0F2854F-2BA4-4E06-99D9-330066290989}"
EndProject
Project("{9A19103F-16F7-4668-BE54-9A1E7A4F7556}") = "Lax.Mvc.AdminLte", "Lax.Mvc.AdminLte\Lax.Mvc.AdminLte.csproj", "{3DA6D8F5-A83D-4A23-9A0B-348B629EAD07}"
EndProject
Project("{9A19103F-16F7-4668-BE54-9A1E7A4F7556}") = "Lax.Mvc.HtmlTags", "Lax.Mvc.HtmlTags\Lax.Mvc.HtmlTags.csproj", "{1E90ACFC-03C0-4FD4-81C6-0E75B918944B}"
EndProject
Project("{9A19103F-16F7-4668-BE54-9A1E7A4F7556}") = "Lax.Serialization.ByteArrays", "Lax.Serialization.ByteArrays\Lax.Serialization.ByteArrays.csproj", "{861A956A-65E1-438E-9660-A467C873FE99}"
EndProject
Project("{9A19103F-16F7-4668-BE54-9A1E7A4F7556}") = "Lax.Serialization.Json", "Lax.Serialization.Json\Lax.Serialization.Json.csproj", "{D45593F1-352F-49A2-AD46-95418CF9CC6E}"
EndProject
Project("{9A19103F-16F7-4668-BE54-9A1E7A4F7556}") = "Lax.Serialization.Xml", "Lax.Serialization.Xml\Lax.Serialization.Xml.csproj", "{FBB7BFB5-9A4E-4962-8158-FB70237B9BB0}"
EndProject
Project("{9A19103F-16F7-4668-BE54-9A1E7A4F7556}") = "Lax.Serialization.Yaml", "Lax.Serialization.Yaml\Lax.Serialization.Yaml.csproj", "{2EA7EEB6-F3AA-4BF7-B33C-3ACB6E525A54}"
EndProject
Project("{9A19103F-16F7-4668-BE54-9A1E7A4F7556}") = "Lax.Services.Directory", "Lax.Services.Directory\Lax.Services.Directory.csproj", "{1876439B-B519-493A-B76F-CD01DF83C8C7}"
EndProject
Project("{2150E333-8FDC-42A3-9474-1A3956D46DE8}") = "Authorization", "Authorization", "{DB0419D5-19D4-43D7-B268-A74FC0807060}"
EndProject
Project("{2150E333-8FDC-42A3-9474-1A3956D46DE8}") = "Bus", "Bus", "{208A544E-E157-430C-87B5-F0A3079884B8}"
EndProject
Project("{2150E333-8FDC-42A3-9474-1A3956D46DE8}") = "Domain", "Domain", "{5E188DED-8C7D-42D0-BCCB-E0280AAD4CD3}"
EndProject
Project("{2150E333-8FDC-42A3-9474-1A3956D46DE8}") = "Entities", "Entities", "{724BEB9B-60DF-401D-9B69-2C6CEF2369F9}"
EndProject
Project("{2150E333-8FDC-42A3-9474-1A3956D46DE8}") = "SharePoint", "SharePoint", "{A7A35B83-2613-49B2-9744-DDFE0CAD0453}"
EndProject
Project("{2150E333-8FDC-42A3-9474-1A3956D46DE8}") = "Sql", "Sql", "{473ECD3E-2C07-4BB4-B35C-F902E82ACC89}"
EndProject
Project("{2150E333-8FDC-42A3-9474-1A3956D46DE8}") = "Helpers", "Helpers", "{B2421A4B-68A2-460D-AB39-0FAD24BDEE1D}"
EndProject
Project("{2150E333-8FDC-42A3-9474-1A3956D46DE8}") = "Mvc", "Mvc", "{F4066C16-D0D6-4FDC-A91B-B79F10440934}"
EndProject
Project("{2150E333-8FDC-42A3-9474-1A3956D46DE8}") = "Serialization", "Serialization", "{89DB0C89-779D-41A1-BA7B-A1EA49F072BA}"
EndProject
Project("{2150E333-8FDC-42A3-9474-1A3956D46DE8}") = "Services", "Services", "{DAD1EE3A-0C13-4218-9ABA-8F6C6FA5959D}"
EndProject
Project("{2150E333-8FDC-42A3-9474-1A3956D46DE8}") = "Solution Items", "Solution Items", "{9CD8AD97-1539-4EA8-A714-79856E611A6D}"
	ProjectSection(SolutionItems) = preProject
		.gitlab-ci.yml = .gitlab-ci.yml
		Build-CI-Local.ps1 = Build-CI-Local.ps1
		Build-CI.ps1 = Build-CI.ps1
		Build-Local.ps1 = Build-Local.ps1
		Build-Master-Local.ps1 = Build-Master-Local.ps1
		Build-Master.ps1 = Build-Master.ps1
		build.cake = build.cake
		build.ps1 = build.ps1
		GitVersion.txt = GitVersion.txt
		global.json = global.json
		NuGet.config = NuGet.config
	EndProjectSection
EndProject
Project("{9A19103F-16F7-4668-BE54-9A1E7A4F7556}") = "Lax.Helpers.EPPlus", "Lax.Helpers.EPPlus\Lax.Helpers.EPPlus.csproj", "{7E98F637-606F-4900-9D69-781A6FABFF9D}"
EndProject
Project("{9A19103F-16F7-4668-BE54-9A1E7A4F7556}") = "Lax.Data.Sql.SqlServer.Dapper", "Lax.Data.Sql.SqlServer.Dapper\Lax.Data.Sql.SqlServer.Dapper.csproj", "{E7D47BC7-218A-4178-A8F6-D0745A62068D}"
EndProject
Project("{9A19103F-16F7-4668-BE54-9A1E7A4F7556}") = "Lax.Hosting.WindowsService.Base", "Lax.Hosting.WindowsService.Base\Lax.Hosting.WindowsService.Base.csproj", "{078ADB4F-A708-4493-9C8C-AF6BA6230207}"
EndProject
Project("{2150E333-8FDC-42A3-9474-1A3956D46DE8}") = "Hosting", "Hosting", "{B09FD448-0828-454D-814F-007AA12475B7}"
EndProject
Project("{9A19103F-16F7-4668-BE54-9A1E7A4F7556}") = "Lax.Data.Sql", "Lax.Data.Sql\Lax.Data.Sql.csproj", "{2F9BB178-3668-4045-B26F-AB64D48DF85E}"
EndProject
Project("{9A19103F-16F7-4668-BE54-9A1E7A4F7556}") = "Lax.Helpers.Consoles", "Lax.Helpers.Consoles\Lax.Helpers.Consoles.csproj", "{D5816D6A-6863-4915-8FD0-D6735F330B88}"
EndProject
Project("{9A19103F-16F7-4668-BE54-9A1E7A4F7556}") = "Lax.Data.SharePoint.Rest", "Lax.Data.SharePoint.Rest\Lax.Data.SharePoint.Rest.csproj", "{BCB79B88-A5FE-4F0F-A08C-66622097A682}"
EndProject
Project("{9A19103F-16F7-4668-BE54-9A1E7A4F7556}") = "Lax.Helpers.AssemblyResources", "Lax.Helpers.AssemblyResources\Lax.Helpers.AssemblyResources.csproj", "{D1E90378-C16A-4414-926D-880D9CB32D64}"
EndProject
Project("{9A19103F-16F7-4668-BE54-9A1E7A4F7556}") = "Lax.Helpers.AsyncProgress", "Lax.Helpers.AsyncProgress\Lax.Helpers.AsyncProgress.csproj", "{BFD83F4F-C26A-413A-9632-44860E7555E9}"
EndProject
Project("{9A19103F-16F7-4668-BE54-9A1E7A4F7556}") = "Lax.Helpers.SSRSReports", "Lax.Helpers.SSRSReports\Lax.Helpers.SSRSReports.csproj", "{7C72807B-AAE2-499E-A635-F2206E88B4A0}"
EndProject
Project("{9A19103F-16F7-4668-BE54-9A1E7A4F7556}") = "Lax.Business.Bus.Caching", "Lax.Business.Bus.Caching\Lax.Business.Bus.Caching.csproj", "{5EA2EA32-4554-4335-8860-0FBAC0A1B854}"
EndProject
Project("{9A19103F-16F7-4668-BE54-9A1E7A4F7556}") = "Lax.Helpers.AssemblyVersions", "Lax.Helpers.AssemblyVersions\Lax.Helpers.AssemblyVersions.csproj", "{E018C870-1D4B-4825-B45A-E7245DD9EA2B}"
EndProject
Project("{9A19103F-16F7-4668-BE54-9A1E7A4F7556}") = "Lax.Helpers.Common", "Lax.Helpers.Common\Lax.Helpers.Common.csproj", "{11CA8C5A-563F-4FDC-857A-07E62AAFC97E}"
EndProject
Project("{9A19103F-16F7-4668-BE54-9A1E7A4F7556}") = "Lax.Helpers.EnumerationsMapping", "Lax.Helpers.EnumerationsMapping\Lax.Helpers.EnumerationsMapping.csproj", "{BA26DBE3-4C56-4587-B231-E3DBF62FB46B}"
EndProject
Global
	GlobalSection(SolutionConfigurationPlatforms) = preSolution
		Debug|Any CPU = Debug|Any CPU
		Debug|x64 = Debug|x64
		Debug|x86 = Debug|x86
		Release|Any CPU = Release|Any CPU
		Release|x64 = Release|x64
		Release|x86 = Release|x86
	EndGlobalSection
	GlobalSection(ProjectConfigurationPlatforms) = postSolution
		{47FBF0D1-A7F4-466C-88FE-D1480866BAA0}.Debug|Any CPU.ActiveCfg = Debug|Any CPU
		{47FBF0D1-A7F4-466C-88FE-D1480866BAA0}.Debug|Any CPU.Build.0 = Debug|Any CPU
		{47FBF0D1-A7F4-466C-88FE-D1480866BAA0}.Debug|x64.ActiveCfg = Debug|Any CPU
		{47FBF0D1-A7F4-466C-88FE-D1480866BAA0}.Debug|x64.Build.0 = Debug|Any CPU
		{47FBF0D1-A7F4-466C-88FE-D1480866BAA0}.Debug|x86.ActiveCfg = Debug|Any CPU
		{47FBF0D1-A7F4-466C-88FE-D1480866BAA0}.Debug|x86.Build.0 = Debug|Any CPU
		{47FBF0D1-A7F4-466C-88FE-D1480866BAA0}.Release|Any CPU.ActiveCfg = Release|Any CPU
		{47FBF0D1-A7F4-466C-88FE-D1480866BAA0}.Release|Any CPU.Build.0 = Release|Any CPU
		{47FBF0D1-A7F4-466C-88FE-D1480866BAA0}.Release|x64.ActiveCfg = Release|Any CPU
		{47FBF0D1-A7F4-466C-88FE-D1480866BAA0}.Release|x64.Build.0 = Release|Any CPU
		{47FBF0D1-A7F4-466C-88FE-D1480866BAA0}.Release|x86.ActiveCfg = Release|Any CPU
		{47FBF0D1-A7F4-466C-88FE-D1480866BAA0}.Release|x86.Build.0 = Release|Any CPU
		{2CB448F0-ABAA-47DB-88EC-5054B6A7520C}.Debug|Any CPU.ActiveCfg = Debug|Any CPU
		{2CB448F0-ABAA-47DB-88EC-5054B6A7520C}.Debug|Any CPU.Build.0 = Debug|Any CPU
		{2CB448F0-ABAA-47DB-88EC-5054B6A7520C}.Debug|x64.ActiveCfg = Debug|Any CPU
		{2CB448F0-ABAA-47DB-88EC-5054B6A7520C}.Debug|x64.Build.0 = Debug|Any CPU
		{2CB448F0-ABAA-47DB-88EC-5054B6A7520C}.Debug|x86.ActiveCfg = Debug|Any CPU
		{2CB448F0-ABAA-47DB-88EC-5054B6A7520C}.Debug|x86.Build.0 = Debug|Any CPU
		{2CB448F0-ABAA-47DB-88EC-5054B6A7520C}.Release|Any CPU.ActiveCfg = Release|Any CPU
		{2CB448F0-ABAA-47DB-88EC-5054B6A7520C}.Release|Any CPU.Build.0 = Release|Any CPU
		{2CB448F0-ABAA-47DB-88EC-5054B6A7520C}.Release|x64.ActiveCfg = Release|Any CPU
		{2CB448F0-ABAA-47DB-88EC-5054B6A7520C}.Release|x64.Build.0 = Release|Any CPU
		{2CB448F0-ABAA-47DB-88EC-5054B6A7520C}.Release|x86.ActiveCfg = Release|Any CPU
		{2CB448F0-ABAA-47DB-88EC-5054B6A7520C}.Release|x86.Build.0 = Release|Any CPU
		{A8D0C441-C34D-4134-857D-C3F8E0564D80}.Debug|Any CPU.ActiveCfg = Debug|Any CPU
		{A8D0C441-C34D-4134-857D-C3F8E0564D80}.Debug|Any CPU.Build.0 = Debug|Any CPU
		{A8D0C441-C34D-4134-857D-C3F8E0564D80}.Debug|x64.ActiveCfg = Debug|Any CPU
		{A8D0C441-C34D-4134-857D-C3F8E0564D80}.Debug|x64.Build.0 = Debug|Any CPU
		{A8D0C441-C34D-4134-857D-C3F8E0564D80}.Debug|x86.ActiveCfg = Debug|Any CPU
		{A8D0C441-C34D-4134-857D-C3F8E0564D80}.Debug|x86.Build.0 = Debug|Any CPU
		{A8D0C441-C34D-4134-857D-C3F8E0564D80}.Release|Any CPU.ActiveCfg = Release|Any CPU
		{A8D0C441-C34D-4134-857D-C3F8E0564D80}.Release|Any CPU.Build.0 = Release|Any CPU
		{A8D0C441-C34D-4134-857D-C3F8E0564D80}.Release|x64.ActiveCfg = Release|Any CPU
		{A8D0C441-C34D-4134-857D-C3F8E0564D80}.Release|x64.Build.0 = Release|Any CPU
		{A8D0C441-C34D-4134-857D-C3F8E0564D80}.Release|x86.ActiveCfg = Release|Any CPU
		{A8D0C441-C34D-4134-857D-C3F8E0564D80}.Release|x86.Build.0 = Release|Any CPU
		{B734EE08-7371-4433-BEC7-EA2EAB1B9C30}.Debug|Any CPU.ActiveCfg = Debug|Any CPU
		{B734EE08-7371-4433-BEC7-EA2EAB1B9C30}.Debug|Any CPU.Build.0 = Debug|Any CPU
		{B734EE08-7371-4433-BEC7-EA2EAB1B9C30}.Debug|x64.ActiveCfg = Debug|Any CPU
		{B734EE08-7371-4433-BEC7-EA2EAB1B9C30}.Debug|x64.Build.0 = Debug|Any CPU
		{B734EE08-7371-4433-BEC7-EA2EAB1B9C30}.Debug|x86.ActiveCfg = Debug|Any CPU
		{B734EE08-7371-4433-BEC7-EA2EAB1B9C30}.Debug|x86.Build.0 = Debug|Any CPU
		{B734EE08-7371-4433-BEC7-EA2EAB1B9C30}.Release|Any CPU.ActiveCfg = Release|Any CPU
		{B734EE08-7371-4433-BEC7-EA2EAB1B9C30}.Release|Any CPU.Build.0 = Release|Any CPU
		{B734EE08-7371-4433-BEC7-EA2EAB1B9C30}.Release|x64.ActiveCfg = Release|Any CPU
		{B734EE08-7371-4433-BEC7-EA2EAB1B9C30}.Release|x64.Build.0 = Release|Any CPU
		{B734EE08-7371-4433-BEC7-EA2EAB1B9C30}.Release|x86.ActiveCfg = Release|Any CPU
		{B734EE08-7371-4433-BEC7-EA2EAB1B9C30}.Release|x86.Build.0 = Release|Any CPU
		{F9DDBC93-16D4-4AF7-AC88-EA7DC1CDB8C3}.Debug|Any CPU.ActiveCfg = Debug|Any CPU
		{F9DDBC93-16D4-4AF7-AC88-EA7DC1CDB8C3}.Debug|Any CPU.Build.0 = Debug|Any CPU
		{F9DDBC93-16D4-4AF7-AC88-EA7DC1CDB8C3}.Debug|x64.ActiveCfg = Debug|Any CPU
		{F9DDBC93-16D4-4AF7-AC88-EA7DC1CDB8C3}.Debug|x64.Build.0 = Debug|Any CPU
		{F9DDBC93-16D4-4AF7-AC88-EA7DC1CDB8C3}.Debug|x86.ActiveCfg = Debug|Any CPU
		{F9DDBC93-16D4-4AF7-AC88-EA7DC1CDB8C3}.Debug|x86.Build.0 = Debug|Any CPU
		{F9DDBC93-16D4-4AF7-AC88-EA7DC1CDB8C3}.Release|Any CPU.ActiveCfg = Release|Any CPU
		{F9DDBC93-16D4-4AF7-AC88-EA7DC1CDB8C3}.Release|Any CPU.Build.0 = Release|Any CPU
		{F9DDBC93-16D4-4AF7-AC88-EA7DC1CDB8C3}.Release|x64.ActiveCfg = Release|Any CPU
		{F9DDBC93-16D4-4AF7-AC88-EA7DC1CDB8C3}.Release|x64.Build.0 = Release|Any CPU
		{F9DDBC93-16D4-4AF7-AC88-EA7DC1CDB8C3}.Release|x86.ActiveCfg = Release|Any CPU
		{F9DDBC93-16D4-4AF7-AC88-EA7DC1CDB8C3}.Release|x86.Build.0 = Release|Any CPU
		{80299219-5C62-4B01-B0A3-3E8C950B4C7C}.Debug|Any CPU.ActiveCfg = Debug|Any CPU
		{80299219-5C62-4B01-B0A3-3E8C950B4C7C}.Debug|Any CPU.Build.0 = Debug|Any CPU
		{80299219-5C62-4B01-B0A3-3E8C950B4C7C}.Debug|x64.ActiveCfg = Debug|Any CPU
		{80299219-5C62-4B01-B0A3-3E8C950B4C7C}.Debug|x64.Build.0 = Debug|Any CPU
		{80299219-5C62-4B01-B0A3-3E8C950B4C7C}.Debug|x86.ActiveCfg = Debug|Any CPU
		{80299219-5C62-4B01-B0A3-3E8C950B4C7C}.Debug|x86.Build.0 = Debug|Any CPU
		{80299219-5C62-4B01-B0A3-3E8C950B4C7C}.Release|Any CPU.ActiveCfg = Release|Any CPU
		{80299219-5C62-4B01-B0A3-3E8C950B4C7C}.Release|Any CPU.Build.0 = Release|Any CPU
		{80299219-5C62-4B01-B0A3-3E8C950B4C7C}.Release|x64.ActiveCfg = Release|Any CPU
		{80299219-5C62-4B01-B0A3-3E8C950B4C7C}.Release|x64.Build.0 = Release|Any CPU
		{80299219-5C62-4B01-B0A3-3E8C950B4C7C}.Release|x86.ActiveCfg = Release|Any CPU
		{80299219-5C62-4B01-B0A3-3E8C950B4C7C}.Release|x86.Build.0 = Release|Any CPU
		{D8C6A2E3-322C-480D-A5E8-A7AB1385226C}.Debug|Any CPU.ActiveCfg = Debug|Any CPU
		{D8C6A2E3-322C-480D-A5E8-A7AB1385226C}.Debug|Any CPU.Build.0 = Debug|Any CPU
		{D8C6A2E3-322C-480D-A5E8-A7AB1385226C}.Debug|x64.ActiveCfg = Debug|Any CPU
		{D8C6A2E3-322C-480D-A5E8-A7AB1385226C}.Debug|x64.Build.0 = Debug|Any CPU
		{D8C6A2E3-322C-480D-A5E8-A7AB1385226C}.Debug|x86.ActiveCfg = Debug|Any CPU
		{D8C6A2E3-322C-480D-A5E8-A7AB1385226C}.Debug|x86.Build.0 = Debug|Any CPU
		{D8C6A2E3-322C-480D-A5E8-A7AB1385226C}.Release|Any CPU.ActiveCfg = Release|Any CPU
		{D8C6A2E3-322C-480D-A5E8-A7AB1385226C}.Release|Any CPU.Build.0 = Release|Any CPU
		{D8C6A2E3-322C-480D-A5E8-A7AB1385226C}.Release|x64.ActiveCfg = Release|Any CPU
		{D8C6A2E3-322C-480D-A5E8-A7AB1385226C}.Release|x64.Build.0 = Release|Any CPU
		{D8C6A2E3-322C-480D-A5E8-A7AB1385226C}.Release|x86.ActiveCfg = Release|Any CPU
		{D8C6A2E3-322C-480D-A5E8-A7AB1385226C}.Release|x86.Build.0 = Release|Any CPU
		{D2ED80A0-9631-406E-85EF-C633B93BED53}.Debug|Any CPU.ActiveCfg = Debug|Any CPU
		{D2ED80A0-9631-406E-85EF-C633B93BED53}.Debug|Any CPU.Build.0 = Debug|Any CPU
		{D2ED80A0-9631-406E-85EF-C633B93BED53}.Debug|x64.ActiveCfg = Debug|Any CPU
		{D2ED80A0-9631-406E-85EF-C633B93BED53}.Debug|x64.Build.0 = Debug|Any CPU
		{D2ED80A0-9631-406E-85EF-C633B93BED53}.Debug|x86.ActiveCfg = Debug|Any CPU
		{D2ED80A0-9631-406E-85EF-C633B93BED53}.Debug|x86.Build.0 = Debug|Any CPU
		{D2ED80A0-9631-406E-85EF-C633B93BED53}.Release|Any CPU.ActiveCfg = Release|Any CPU
		{D2ED80A0-9631-406E-85EF-C633B93BED53}.Release|Any CPU.Build.0 = Release|Any CPU
		{D2ED80A0-9631-406E-85EF-C633B93BED53}.Release|x64.ActiveCfg = Release|Any CPU
		{D2ED80A0-9631-406E-85EF-C633B93BED53}.Release|x64.Build.0 = Release|Any CPU
		{D2ED80A0-9631-406E-85EF-C633B93BED53}.Release|x86.ActiveCfg = Release|Any CPU
		{D2ED80A0-9631-406E-85EF-C633B93BED53}.Release|x86.Build.0 = Release|Any CPU
		{1B9B0A56-CCE8-4E05-B6F2-7C61F05552EF}.Debug|Any CPU.ActiveCfg = Debug|Any CPU
		{1B9B0A56-CCE8-4E05-B6F2-7C61F05552EF}.Debug|Any CPU.Build.0 = Debug|Any CPU
		{1B9B0A56-CCE8-4E05-B6F2-7C61F05552EF}.Debug|x64.ActiveCfg = Debug|Any CPU
		{1B9B0A56-CCE8-4E05-B6F2-7C61F05552EF}.Debug|x64.Build.0 = Debug|Any CPU
		{1B9B0A56-CCE8-4E05-B6F2-7C61F05552EF}.Debug|x86.ActiveCfg = Debug|Any CPU
		{1B9B0A56-CCE8-4E05-B6F2-7C61F05552EF}.Debug|x86.Build.0 = Debug|Any CPU
		{1B9B0A56-CCE8-4E05-B6F2-7C61F05552EF}.Release|Any CPU.ActiveCfg = Release|Any CPU
		{1B9B0A56-CCE8-4E05-B6F2-7C61F05552EF}.Release|Any CPU.Build.0 = Release|Any CPU
		{1B9B0A56-CCE8-4E05-B6F2-7C61F05552EF}.Release|x64.ActiveCfg = Release|Any CPU
		{1B9B0A56-CCE8-4E05-B6F2-7C61F05552EF}.Release|x64.Build.0 = Release|Any CPU
		{1B9B0A56-CCE8-4E05-B6F2-7C61F05552EF}.Release|x86.ActiveCfg = Release|Any CPU
		{1B9B0A56-CCE8-4E05-B6F2-7C61F05552EF}.Release|x86.Build.0 = Release|Any CPU
		{ECD1E0A0-A2FC-462C-B04C-BCFDCBF58D91}.Debug|Any CPU.ActiveCfg = Debug|Any CPU
		{ECD1E0A0-A2FC-462C-B04C-BCFDCBF58D91}.Debug|Any CPU.Build.0 = Debug|Any CPU
		{ECD1E0A0-A2FC-462C-B04C-BCFDCBF58D91}.Debug|x64.ActiveCfg = Debug|Any CPU
		{ECD1E0A0-A2FC-462C-B04C-BCFDCBF58D91}.Debug|x64.Build.0 = Debug|Any CPU
		{ECD1E0A0-A2FC-462C-B04C-BCFDCBF58D91}.Debug|x86.ActiveCfg = Debug|Any CPU
		{ECD1E0A0-A2FC-462C-B04C-BCFDCBF58D91}.Debug|x86.Build.0 = Debug|Any CPU
		{ECD1E0A0-A2FC-462C-B04C-BCFDCBF58D91}.Release|Any CPU.ActiveCfg = Release|Any CPU
		{ECD1E0A0-A2FC-462C-B04C-BCFDCBF58D91}.Release|Any CPU.Build.0 = Release|Any CPU
		{ECD1E0A0-A2FC-462C-B04C-BCFDCBF58D91}.Release|x64.ActiveCfg = Release|Any CPU
		{ECD1E0A0-A2FC-462C-B04C-BCFDCBF58D91}.Release|x64.Build.0 = Release|Any CPU
		{ECD1E0A0-A2FC-462C-B04C-BCFDCBF58D91}.Release|x86.ActiveCfg = Release|Any CPU
		{ECD1E0A0-A2FC-462C-B04C-BCFDCBF58D91}.Release|x86.Build.0 = Release|Any CPU
		{0F686D0B-AB3D-4DA1-A2B5-474A3D665121}.Debug|Any CPU.ActiveCfg = Debug|Any CPU
		{0F686D0B-AB3D-4DA1-A2B5-474A3D665121}.Debug|Any CPU.Build.0 = Debug|Any CPU
		{0F686D0B-AB3D-4DA1-A2B5-474A3D665121}.Debug|x64.ActiveCfg = Debug|Any CPU
		{0F686D0B-AB3D-4DA1-A2B5-474A3D665121}.Debug|x64.Build.0 = Debug|Any CPU
		{0F686D0B-AB3D-4DA1-A2B5-474A3D665121}.Debug|x86.ActiveCfg = Debug|Any CPU
		{0F686D0B-AB3D-4DA1-A2B5-474A3D665121}.Debug|x86.Build.0 = Debug|Any CPU
		{0F686D0B-AB3D-4DA1-A2B5-474A3D665121}.Release|Any CPU.ActiveCfg = Release|Any CPU
		{0F686D0B-AB3D-4DA1-A2B5-474A3D665121}.Release|Any CPU.Build.0 = Release|Any CPU
		{0F686D0B-AB3D-4DA1-A2B5-474A3D665121}.Release|x64.ActiveCfg = Release|Any CPU
		{0F686D0B-AB3D-4DA1-A2B5-474A3D665121}.Release|x64.Build.0 = Release|Any CPU
		{0F686D0B-AB3D-4DA1-A2B5-474A3D665121}.Release|x86.ActiveCfg = Release|Any CPU
		{0F686D0B-AB3D-4DA1-A2B5-474A3D665121}.Release|x86.Build.0 = Release|Any CPU
		{72BCA0B7-8503-4E08-803B-4CA0DFFB4715}.Debug|Any CPU.ActiveCfg = Debug|Any CPU
		{72BCA0B7-8503-4E08-803B-4CA0DFFB4715}.Debug|Any CPU.Build.0 = Debug|Any CPU
		{72BCA0B7-8503-4E08-803B-4CA0DFFB4715}.Debug|x64.ActiveCfg = Debug|Any CPU
		{72BCA0B7-8503-4E08-803B-4CA0DFFB4715}.Debug|x64.Build.0 = Debug|Any CPU
		{72BCA0B7-8503-4E08-803B-4CA0DFFB4715}.Debug|x86.ActiveCfg = Debug|Any CPU
		{72BCA0B7-8503-4E08-803B-4CA0DFFB4715}.Debug|x86.Build.0 = Debug|Any CPU
		{72BCA0B7-8503-4E08-803B-4CA0DFFB4715}.Release|Any CPU.ActiveCfg = Release|Any CPU
		{72BCA0B7-8503-4E08-803B-4CA0DFFB4715}.Release|Any CPU.Build.0 = Release|Any CPU
		{72BCA0B7-8503-4E08-803B-4CA0DFFB4715}.Release|x64.ActiveCfg = Release|Any CPU
		{72BCA0B7-8503-4E08-803B-4CA0DFFB4715}.Release|x64.Build.0 = Release|Any CPU
		{72BCA0B7-8503-4E08-803B-4CA0DFFB4715}.Release|x86.ActiveCfg = Release|Any CPU
		{72BCA0B7-8503-4E08-803B-4CA0DFFB4715}.Release|x86.Build.0 = Release|Any CPU
		{90AF16D8-F28A-4699-A7DA-9499384959E2}.Debug|Any CPU.ActiveCfg = Debug|Any CPU
		{90AF16D8-F28A-4699-A7DA-9499384959E2}.Debug|Any CPU.Build.0 = Debug|Any CPU
		{90AF16D8-F28A-4699-A7DA-9499384959E2}.Debug|x64.ActiveCfg = Debug|Any CPU
		{90AF16D8-F28A-4699-A7DA-9499384959E2}.Debug|x64.Build.0 = Debug|Any CPU
		{90AF16D8-F28A-4699-A7DA-9499384959E2}.Debug|x86.ActiveCfg = Debug|Any CPU
		{90AF16D8-F28A-4699-A7DA-9499384959E2}.Debug|x86.Build.0 = Debug|Any CPU
		{90AF16D8-F28A-4699-A7DA-9499384959E2}.Release|Any CPU.ActiveCfg = Release|Any CPU
		{90AF16D8-F28A-4699-A7DA-9499384959E2}.Release|Any CPU.Build.0 = Release|Any CPU
		{90AF16D8-F28A-4699-A7DA-9499384959E2}.Release|x64.ActiveCfg = Release|Any CPU
		{90AF16D8-F28A-4699-A7DA-9499384959E2}.Release|x64.Build.0 = Release|Any CPU
		{90AF16D8-F28A-4699-A7DA-9499384959E2}.Release|x86.ActiveCfg = Release|Any CPU
		{90AF16D8-F28A-4699-A7DA-9499384959E2}.Release|x86.Build.0 = Release|Any CPU
		{940E6E32-9D83-4EA2-A03B-7C26E0282D2A}.Debug|Any CPU.ActiveCfg = Debug|Any CPU
		{940E6E32-9D83-4EA2-A03B-7C26E0282D2A}.Debug|Any CPU.Build.0 = Debug|Any CPU
		{940E6E32-9D83-4EA2-A03B-7C26E0282D2A}.Debug|x64.ActiveCfg = Debug|Any CPU
		{940E6E32-9D83-4EA2-A03B-7C26E0282D2A}.Debug|x64.Build.0 = Debug|Any CPU
		{940E6E32-9D83-4EA2-A03B-7C26E0282D2A}.Debug|x86.ActiveCfg = Debug|Any CPU
		{940E6E32-9D83-4EA2-A03B-7C26E0282D2A}.Debug|x86.Build.0 = Debug|Any CPU
		{940E6E32-9D83-4EA2-A03B-7C26E0282D2A}.Release|Any CPU.ActiveCfg = Release|Any CPU
		{940E6E32-9D83-4EA2-A03B-7C26E0282D2A}.Release|Any CPU.Build.0 = Release|Any CPU
		{940E6E32-9D83-4EA2-A03B-7C26E0282D2A}.Release|x64.ActiveCfg = Release|Any CPU
		{940E6E32-9D83-4EA2-A03B-7C26E0282D2A}.Release|x64.Build.0 = Release|Any CPU
		{940E6E32-9D83-4EA2-A03B-7C26E0282D2A}.Release|x86.ActiveCfg = Release|Any CPU
		{940E6E32-9D83-4EA2-A03B-7C26E0282D2A}.Release|x86.Build.0 = Release|Any CPU
		{74E0BBA4-77A6-4649-B1E6-6F7EAFBC8956}.Debug|Any CPU.ActiveCfg = Debug|Any CPU
		{74E0BBA4-77A6-4649-B1E6-6F7EAFBC8956}.Debug|Any CPU.Build.0 = Debug|Any CPU
		{74E0BBA4-77A6-4649-B1E6-6F7EAFBC8956}.Debug|x64.ActiveCfg = Debug|Any CPU
		{74E0BBA4-77A6-4649-B1E6-6F7EAFBC8956}.Debug|x64.Build.0 = Debug|Any CPU
		{74E0BBA4-77A6-4649-B1E6-6F7EAFBC8956}.Debug|x86.ActiveCfg = Debug|Any CPU
		{74E0BBA4-77A6-4649-B1E6-6F7EAFBC8956}.Debug|x86.Build.0 = Debug|Any CPU
		{74E0BBA4-77A6-4649-B1E6-6F7EAFBC8956}.Release|Any CPU.ActiveCfg = Release|Any CPU
		{74E0BBA4-77A6-4649-B1E6-6F7EAFBC8956}.Release|Any CPU.Build.0 = Release|Any CPU
		{74E0BBA4-77A6-4649-B1E6-6F7EAFBC8956}.Release|x64.ActiveCfg = Release|Any CPU
		{74E0BBA4-77A6-4649-B1E6-6F7EAFBC8956}.Release|x64.Build.0 = Release|Any CPU
		{74E0BBA4-77A6-4649-B1E6-6F7EAFBC8956}.Release|x86.ActiveCfg = Release|Any CPU
		{74E0BBA4-77A6-4649-B1E6-6F7EAFBC8956}.Release|x86.Build.0 = Release|Any CPU
		{81644056-DFA2-4B15-937D-C9D6F5F33B22}.Debug|Any CPU.ActiveCfg = Debug|Any CPU
		{81644056-DFA2-4B15-937D-C9D6F5F33B22}.Debug|Any CPU.Build.0 = Debug|Any CPU
		{81644056-DFA2-4B15-937D-C9D6F5F33B22}.Debug|x64.ActiveCfg = Debug|Any CPU
		{81644056-DFA2-4B15-937D-C9D6F5F33B22}.Debug|x64.Build.0 = Debug|Any CPU
		{81644056-DFA2-4B15-937D-C9D6F5F33B22}.Debug|x86.ActiveCfg = Debug|Any CPU
		{81644056-DFA2-4B15-937D-C9D6F5F33B22}.Debug|x86.Build.0 = Debug|Any CPU
		{81644056-DFA2-4B15-937D-C9D6F5F33B22}.Release|Any CPU.ActiveCfg = Release|Any CPU
		{81644056-DFA2-4B15-937D-C9D6F5F33B22}.Release|Any CPU.Build.0 = Release|Any CPU
		{81644056-DFA2-4B15-937D-C9D6F5F33B22}.Release|x64.ActiveCfg = Release|Any CPU
		{81644056-DFA2-4B15-937D-C9D6F5F33B22}.Release|x64.Build.0 = Release|Any CPU
		{81644056-DFA2-4B15-937D-C9D6F5F33B22}.Release|x86.ActiveCfg = Release|Any CPU
		{81644056-DFA2-4B15-937D-C9D6F5F33B22}.Release|x86.Build.0 = Release|Any CPU
		{2C912187-5818-4773-817B-76D5BA7C973C}.Debug|Any CPU.ActiveCfg = Debug|Any CPU
		{2C912187-5818-4773-817B-76D5BA7C973C}.Debug|Any CPU.Build.0 = Debug|Any CPU
		{2C912187-5818-4773-817B-76D5BA7C973C}.Debug|x64.ActiveCfg = Debug|Any CPU
		{2C912187-5818-4773-817B-76D5BA7C973C}.Debug|x64.Build.0 = Debug|Any CPU
		{2C912187-5818-4773-817B-76D5BA7C973C}.Debug|x86.ActiveCfg = Debug|Any CPU
		{2C912187-5818-4773-817B-76D5BA7C973C}.Debug|x86.Build.0 = Debug|Any CPU
		{2C912187-5818-4773-817B-76D5BA7C973C}.Release|Any CPU.ActiveCfg = Release|Any CPU
		{2C912187-5818-4773-817B-76D5BA7C973C}.Release|Any CPU.Build.0 = Release|Any CPU
		{2C912187-5818-4773-817B-76D5BA7C973C}.Release|x64.ActiveCfg = Release|Any CPU
		{2C912187-5818-4773-817B-76D5BA7C973C}.Release|x64.Build.0 = Release|Any CPU
		{2C912187-5818-4773-817B-76D5BA7C973C}.Release|x86.ActiveCfg = Release|Any CPU
		{2C912187-5818-4773-817B-76D5BA7C973C}.Release|x86.Build.0 = Release|Any CPU
		{917B3581-8022-4E58-85AD-68D9A0D44AE1}.Debug|Any CPU.ActiveCfg = Debug|Any CPU
		{917B3581-8022-4E58-85AD-68D9A0D44AE1}.Debug|Any CPU.Build.0 = Debug|Any CPU
		{917B3581-8022-4E58-85AD-68D9A0D44AE1}.Debug|x64.ActiveCfg = Debug|Any CPU
		{917B3581-8022-4E58-85AD-68D9A0D44AE1}.Debug|x64.Build.0 = Debug|Any CPU
		{917B3581-8022-4E58-85AD-68D9A0D44AE1}.Debug|x86.ActiveCfg = Debug|Any CPU
		{917B3581-8022-4E58-85AD-68D9A0D44AE1}.Debug|x86.Build.0 = Debug|Any CPU
		{917B3581-8022-4E58-85AD-68D9A0D44AE1}.Release|Any CPU.ActiveCfg = Release|Any CPU
		{917B3581-8022-4E58-85AD-68D9A0D44AE1}.Release|Any CPU.Build.0 = Release|Any CPU
		{917B3581-8022-4E58-85AD-68D9A0D44AE1}.Release|x64.ActiveCfg = Release|Any CPU
		{917B3581-8022-4E58-85AD-68D9A0D44AE1}.Release|x64.Build.0 = Release|Any CPU
		{917B3581-8022-4E58-85AD-68D9A0D44AE1}.Release|x86.ActiveCfg = Release|Any CPU
		{917B3581-8022-4E58-85AD-68D9A0D44AE1}.Release|x86.Build.0 = Release|Any CPU
		{48F1BB8E-2430-49FF-92B7-7118876AA76F}.Debug|Any CPU.ActiveCfg = Debug|Any CPU
		{48F1BB8E-2430-49FF-92B7-7118876AA76F}.Debug|Any CPU.Build.0 = Debug|Any CPU
		{48F1BB8E-2430-49FF-92B7-7118876AA76F}.Debug|x64.ActiveCfg = Debug|Any CPU
		{48F1BB8E-2430-49FF-92B7-7118876AA76F}.Debug|x64.Build.0 = Debug|Any CPU
		{48F1BB8E-2430-49FF-92B7-7118876AA76F}.Debug|x86.ActiveCfg = Debug|Any CPU
		{48F1BB8E-2430-49FF-92B7-7118876AA76F}.Debug|x86.Build.0 = Debug|Any CPU
		{48F1BB8E-2430-49FF-92B7-7118876AA76F}.Release|Any CPU.ActiveCfg = Release|Any CPU
		{48F1BB8E-2430-49FF-92B7-7118876AA76F}.Release|Any CPU.Build.0 = Release|Any CPU
		{48F1BB8E-2430-49FF-92B7-7118876AA76F}.Release|x64.ActiveCfg = Release|Any CPU
		{48F1BB8E-2430-49FF-92B7-7118876AA76F}.Release|x64.Build.0 = Release|Any CPU
		{48F1BB8E-2430-49FF-92B7-7118876AA76F}.Release|x86.ActiveCfg = Release|Any CPU
		{48F1BB8E-2430-49FF-92B7-7118876AA76F}.Release|x86.Build.0 = Release|Any CPU
		{4E44258B-3B71-414A-B0A6-09166166EE7D}.Debug|Any CPU.ActiveCfg = Debug|Any CPU
		{4E44258B-3B71-414A-B0A6-09166166EE7D}.Debug|Any CPU.Build.0 = Debug|Any CPU
		{4E44258B-3B71-414A-B0A6-09166166EE7D}.Debug|x64.ActiveCfg = Debug|Any CPU
		{4E44258B-3B71-414A-B0A6-09166166EE7D}.Debug|x64.Build.0 = Debug|Any CPU
		{4E44258B-3B71-414A-B0A6-09166166EE7D}.Debug|x86.ActiveCfg = Debug|Any CPU
		{4E44258B-3B71-414A-B0A6-09166166EE7D}.Debug|x86.Build.0 = Debug|Any CPU
		{4E44258B-3B71-414A-B0A6-09166166EE7D}.Release|Any CPU.ActiveCfg = Release|Any CPU
		{4E44258B-3B71-414A-B0A6-09166166EE7D}.Release|Any CPU.Build.0 = Release|Any CPU
		{4E44258B-3B71-414A-B0A6-09166166EE7D}.Release|x64.ActiveCfg = Release|Any CPU
		{4E44258B-3B71-414A-B0A6-09166166EE7D}.Release|x64.Build.0 = Release|Any CPU
		{4E44258B-3B71-414A-B0A6-09166166EE7D}.Release|x86.ActiveCfg = Release|Any CPU
		{4E44258B-3B71-414A-B0A6-09166166EE7D}.Release|x86.Build.0 = Release|Any CPU
		{0BE0CB85-6646-4E5A-8F9A-842930D73AD3}.Debug|Any CPU.ActiveCfg = Debug|Any CPU
		{0BE0CB85-6646-4E5A-8F9A-842930D73AD3}.Debug|Any CPU.Build.0 = Debug|Any CPU
		{0BE0CB85-6646-4E5A-8F9A-842930D73AD3}.Debug|x64.ActiveCfg = Debug|Any CPU
		{0BE0CB85-6646-4E5A-8F9A-842930D73AD3}.Debug|x64.Build.0 = Debug|Any CPU
		{0BE0CB85-6646-4E5A-8F9A-842930D73AD3}.Debug|x86.ActiveCfg = Debug|Any CPU
		{0BE0CB85-6646-4E5A-8F9A-842930D73AD3}.Debug|x86.Build.0 = Debug|Any CPU
		{0BE0CB85-6646-4E5A-8F9A-842930D73AD3}.Release|Any CPU.ActiveCfg = Release|Any CPU
		{0BE0CB85-6646-4E5A-8F9A-842930D73AD3}.Release|Any CPU.Build.0 = Release|Any CPU
		{0BE0CB85-6646-4E5A-8F9A-842930D73AD3}.Release|x64.ActiveCfg = Release|Any CPU
		{0BE0CB85-6646-4E5A-8F9A-842930D73AD3}.Release|x64.Build.0 = Release|Any CPU
		{0BE0CB85-6646-4E5A-8F9A-842930D73AD3}.Release|x86.ActiveCfg = Release|Any CPU
		{0BE0CB85-6646-4E5A-8F9A-842930D73AD3}.Release|x86.Build.0 = Release|Any CPU
		{BB0B539B-F36D-464E-A83D-1BF5445C5B57}.Debug|Any CPU.ActiveCfg = Debug|Any CPU
		{BB0B539B-F36D-464E-A83D-1BF5445C5B57}.Debug|Any CPU.Build.0 = Debug|Any CPU
		{BB0B539B-F36D-464E-A83D-1BF5445C5B57}.Debug|x64.ActiveCfg = Debug|Any CPU
		{BB0B539B-F36D-464E-A83D-1BF5445C5B57}.Debug|x64.Build.0 = Debug|Any CPU
		{BB0B539B-F36D-464E-A83D-1BF5445C5B57}.Debug|x86.ActiveCfg = Debug|Any CPU
		{BB0B539B-F36D-464E-A83D-1BF5445C5B57}.Debug|x86.Build.0 = Debug|Any CPU
		{BB0B539B-F36D-464E-A83D-1BF5445C5B57}.Release|Any CPU.ActiveCfg = Release|Any CPU
		{BB0B539B-F36D-464E-A83D-1BF5445C5B57}.Release|Any CPU.Build.0 = Release|Any CPU
		{BB0B539B-F36D-464E-A83D-1BF5445C5B57}.Release|x64.ActiveCfg = Release|Any CPU
		{BB0B539B-F36D-464E-A83D-1BF5445C5B57}.Release|x64.Build.0 = Release|Any CPU
		{BB0B539B-F36D-464E-A83D-1BF5445C5B57}.Release|x86.ActiveCfg = Release|Any CPU
		{BB0B539B-F36D-464E-A83D-1BF5445C5B57}.Release|x86.Build.0 = Release|Any CPU
		{6793593B-C8AD-4AEA-92C0-1D944FF68AE8}.Debug|Any CPU.ActiveCfg = Debug|Any CPU
		{6793593B-C8AD-4AEA-92C0-1D944FF68AE8}.Debug|Any CPU.Build.0 = Debug|Any CPU
		{6793593B-C8AD-4AEA-92C0-1D944FF68AE8}.Debug|x64.ActiveCfg = Debug|Any CPU
		{6793593B-C8AD-4AEA-92C0-1D944FF68AE8}.Debug|x64.Build.0 = Debug|Any CPU
		{6793593B-C8AD-4AEA-92C0-1D944FF68AE8}.Debug|x86.ActiveCfg = Debug|Any CPU
		{6793593B-C8AD-4AEA-92C0-1D944FF68AE8}.Debug|x86.Build.0 = Debug|Any CPU
		{6793593B-C8AD-4AEA-92C0-1D944FF68AE8}.Release|Any CPU.ActiveCfg = Release|Any CPU
		{6793593B-C8AD-4AEA-92C0-1D944FF68AE8}.Release|Any CPU.Build.0 = Release|Any CPU
		{6793593B-C8AD-4AEA-92C0-1D944FF68AE8}.Release|x64.ActiveCfg = Release|Any CPU
		{6793593B-C8AD-4AEA-92C0-1D944FF68AE8}.Release|x64.Build.0 = Release|Any CPU
		{6793593B-C8AD-4AEA-92C0-1D944FF68AE8}.Release|x86.ActiveCfg = Release|Any CPU
		{6793593B-C8AD-4AEA-92C0-1D944FF68AE8}.Release|x86.Build.0 = Release|Any CPU
		{75AA9439-46DC-4DB4-82AD-66C03F79610A}.Debug|Any CPU.ActiveCfg = Debug|Any CPU
		{75AA9439-46DC-4DB4-82AD-66C03F79610A}.Debug|Any CPU.Build.0 = Debug|Any CPU
		{75AA9439-46DC-4DB4-82AD-66C03F79610A}.Debug|x64.ActiveCfg = Debug|Any CPU
		{75AA9439-46DC-4DB4-82AD-66C03F79610A}.Debug|x64.Build.0 = Debug|Any CPU
		{75AA9439-46DC-4DB4-82AD-66C03F79610A}.Debug|x86.ActiveCfg = Debug|Any CPU
		{75AA9439-46DC-4DB4-82AD-66C03F79610A}.Debug|x86.Build.0 = Debug|Any CPU
		{75AA9439-46DC-4DB4-82AD-66C03F79610A}.Release|Any CPU.ActiveCfg = Release|Any CPU
		{75AA9439-46DC-4DB4-82AD-66C03F79610A}.Release|Any CPU.Build.0 = Release|Any CPU
		{75AA9439-46DC-4DB4-82AD-66C03F79610A}.Release|x64.ActiveCfg = Release|Any CPU
		{75AA9439-46DC-4DB4-82AD-66C03F79610A}.Release|x64.Build.0 = Release|Any CPU
		{75AA9439-46DC-4DB4-82AD-66C03F79610A}.Release|x86.ActiveCfg = Release|Any CPU
		{75AA9439-46DC-4DB4-82AD-66C03F79610A}.Release|x86.Build.0 = Release|Any CPU
		{5EB97D2D-6793-4FA5-906A-B3D65D5E0A70}.Debug|Any CPU.ActiveCfg = Debug|Any CPU
		{5EB97D2D-6793-4FA5-906A-B3D65D5E0A70}.Debug|Any CPU.Build.0 = Debug|Any CPU
		{5EB97D2D-6793-4FA5-906A-B3D65D5E0A70}.Debug|x64.ActiveCfg = Debug|Any CPU
		{5EB97D2D-6793-4FA5-906A-B3D65D5E0A70}.Debug|x64.Build.0 = Debug|Any CPU
		{5EB97D2D-6793-4FA5-906A-B3D65D5E0A70}.Debug|x86.ActiveCfg = Debug|Any CPU
		{5EB97D2D-6793-4FA5-906A-B3D65D5E0A70}.Debug|x86.Build.0 = Debug|Any CPU
		{5EB97D2D-6793-4FA5-906A-B3D65D5E0A70}.Release|Any CPU.ActiveCfg = Release|Any CPU
		{5EB97D2D-6793-4FA5-906A-B3D65D5E0A70}.Release|Any CPU.Build.0 = Release|Any CPU
		{5EB97D2D-6793-4FA5-906A-B3D65D5E0A70}.Release|x64.ActiveCfg = Release|Any CPU
		{5EB97D2D-6793-4FA5-906A-B3D65D5E0A70}.Release|x64.Build.0 = Release|Any CPU
		{5EB97D2D-6793-4FA5-906A-B3D65D5E0A70}.Release|x86.ActiveCfg = Release|Any CPU
		{5EB97D2D-6793-4FA5-906A-B3D65D5E0A70}.Release|x86.Build.0 = Release|Any CPU
		{D8E8A684-0ED7-4D20-B292-A376F25D8C5F}.Debug|Any CPU.ActiveCfg = Debug|Any CPU
		{D8E8A684-0ED7-4D20-B292-A376F25D8C5F}.Debug|Any CPU.Build.0 = Debug|Any CPU
		{D8E8A684-0ED7-4D20-B292-A376F25D8C5F}.Debug|x64.ActiveCfg = Debug|Any CPU
		{D8E8A684-0ED7-4D20-B292-A376F25D8C5F}.Debug|x64.Build.0 = Debug|Any CPU
		{D8E8A684-0ED7-4D20-B292-A376F25D8C5F}.Debug|x86.ActiveCfg = Debug|Any CPU
		{D8E8A684-0ED7-4D20-B292-A376F25D8C5F}.Debug|x86.Build.0 = Debug|Any CPU
		{D8E8A684-0ED7-4D20-B292-A376F25D8C5F}.Release|Any CPU.ActiveCfg = Release|Any CPU
		{D8E8A684-0ED7-4D20-B292-A376F25D8C5F}.Release|Any CPU.Build.0 = Release|Any CPU
		{D8E8A684-0ED7-4D20-B292-A376F25D8C5F}.Release|x64.ActiveCfg = Release|Any CPU
		{D8E8A684-0ED7-4D20-B292-A376F25D8C5F}.Release|x64.Build.0 = Release|Any CPU
		{D8E8A684-0ED7-4D20-B292-A376F25D8C5F}.Release|x86.ActiveCfg = Release|Any CPU
		{D8E8A684-0ED7-4D20-B292-A376F25D8C5F}.Release|x86.Build.0 = Release|Any CPU
		{D0F2854F-2BA4-4E06-99D9-330066290989}.Debug|Any CPU.ActiveCfg = Debug|Any CPU
		{D0F2854F-2BA4-4E06-99D9-330066290989}.Debug|Any CPU.Build.0 = Debug|Any CPU
		{D0F2854F-2BA4-4E06-99D9-330066290989}.Debug|x64.ActiveCfg = Debug|Any CPU
		{D0F2854F-2BA4-4E06-99D9-330066290989}.Debug|x64.Build.0 = Debug|Any CPU
		{D0F2854F-2BA4-4E06-99D9-330066290989}.Debug|x86.ActiveCfg = Debug|Any CPU
		{D0F2854F-2BA4-4E06-99D9-330066290989}.Debug|x86.Build.0 = Debug|Any CPU
		{D0F2854F-2BA4-4E06-99D9-330066290989}.Release|Any CPU.ActiveCfg = Release|Any CPU
		{D0F2854F-2BA4-4E06-99D9-330066290989}.Release|Any CPU.Build.0 = Release|Any CPU
		{D0F2854F-2BA4-4E06-99D9-330066290989}.Release|x64.ActiveCfg = Release|Any CPU
		{D0F2854F-2BA4-4E06-99D9-330066290989}.Release|x64.Build.0 = Release|Any CPU
		{D0F2854F-2BA4-4E06-99D9-330066290989}.Release|x86.ActiveCfg = Release|Any CPU
		{D0F2854F-2BA4-4E06-99D9-330066290989}.Release|x86.Build.0 = Release|Any CPU
		{3DA6D8F5-A83D-4A23-9A0B-348B629EAD07}.Debug|Any CPU.ActiveCfg = Debug|Any CPU
		{3DA6D8F5-A83D-4A23-9A0B-348B629EAD07}.Debug|Any CPU.Build.0 = Debug|Any CPU
		{3DA6D8F5-A83D-4A23-9A0B-348B629EAD07}.Debug|x64.ActiveCfg = Debug|Any CPU
		{3DA6D8F5-A83D-4A23-9A0B-348B629EAD07}.Debug|x64.Build.0 = Debug|Any CPU
		{3DA6D8F5-A83D-4A23-9A0B-348B629EAD07}.Debug|x86.ActiveCfg = Debug|Any CPU
		{3DA6D8F5-A83D-4A23-9A0B-348B629EAD07}.Debug|x86.Build.0 = Debug|Any CPU
		{3DA6D8F5-A83D-4A23-9A0B-348B629EAD07}.Release|Any CPU.ActiveCfg = Release|Any CPU
		{3DA6D8F5-A83D-4A23-9A0B-348B629EAD07}.Release|Any CPU.Build.0 = Release|Any CPU
		{3DA6D8F5-A83D-4A23-9A0B-348B629EAD07}.Release|x64.ActiveCfg = Release|Any CPU
		{3DA6D8F5-A83D-4A23-9A0B-348B629EAD07}.Release|x64.Build.0 = Release|Any CPU
		{3DA6D8F5-A83D-4A23-9A0B-348B629EAD07}.Release|x86.ActiveCfg = Release|Any CPU
		{3DA6D8F5-A83D-4A23-9A0B-348B629EAD07}.Release|x86.Build.0 = Release|Any CPU
		{1E90ACFC-03C0-4FD4-81C6-0E75B918944B}.Debug|Any CPU.ActiveCfg = Debug|Any CPU
		{1E90ACFC-03C0-4FD4-81C6-0E75B918944B}.Debug|Any CPU.Build.0 = Debug|Any CPU
		{1E90ACFC-03C0-4FD4-81C6-0E75B918944B}.Debug|x64.ActiveCfg = Debug|Any CPU
		{1E90ACFC-03C0-4FD4-81C6-0E75B918944B}.Debug|x64.Build.0 = Debug|Any CPU
		{1E90ACFC-03C0-4FD4-81C6-0E75B918944B}.Debug|x86.ActiveCfg = Debug|Any CPU
		{1E90ACFC-03C0-4FD4-81C6-0E75B918944B}.Debug|x86.Build.0 = Debug|Any CPU
		{1E90ACFC-03C0-4FD4-81C6-0E75B918944B}.Release|Any CPU.ActiveCfg = Release|Any CPU
		{1E90ACFC-03C0-4FD4-81C6-0E75B918944B}.Release|Any CPU.Build.0 = Release|Any CPU
		{1E90ACFC-03C0-4FD4-81C6-0E75B918944B}.Release|x64.ActiveCfg = Release|Any CPU
		{1E90ACFC-03C0-4FD4-81C6-0E75B918944B}.Release|x64.Build.0 = Release|Any CPU
		{1E90ACFC-03C0-4FD4-81C6-0E75B918944B}.Release|x86.ActiveCfg = Release|Any CPU
		{1E90ACFC-03C0-4FD4-81C6-0E75B918944B}.Release|x86.Build.0 = Release|Any CPU
		{861A956A-65E1-438E-9660-A467C873FE99}.Debug|Any CPU.ActiveCfg = Debug|Any CPU
		{861A956A-65E1-438E-9660-A467C873FE99}.Debug|Any CPU.Build.0 = Debug|Any CPU
		{861A956A-65E1-438E-9660-A467C873FE99}.Debug|x64.ActiveCfg = Debug|Any CPU
		{861A956A-65E1-438E-9660-A467C873FE99}.Debug|x64.Build.0 = Debug|Any CPU
		{861A956A-65E1-438E-9660-A467C873FE99}.Debug|x86.ActiveCfg = Debug|Any CPU
		{861A956A-65E1-438E-9660-A467C873FE99}.Debug|x86.Build.0 = Debug|Any CPU
		{861A956A-65E1-438E-9660-A467C873FE99}.Release|Any CPU.ActiveCfg = Release|Any CPU
		{861A956A-65E1-438E-9660-A467C873FE99}.Release|Any CPU.Build.0 = Release|Any CPU
		{861A956A-65E1-438E-9660-A467C873FE99}.Release|x64.ActiveCfg = Release|Any CPU
		{861A956A-65E1-438E-9660-A467C873FE99}.Release|x64.Build.0 = Release|Any CPU
		{861A956A-65E1-438E-9660-A467C873FE99}.Release|x86.ActiveCfg = Release|Any CPU
		{861A956A-65E1-438E-9660-A467C873FE99}.Release|x86.Build.0 = Release|Any CPU
		{D45593F1-352F-49A2-AD46-95418CF9CC6E}.Debug|Any CPU.ActiveCfg = Debug|Any CPU
		{D45593F1-352F-49A2-AD46-95418CF9CC6E}.Debug|Any CPU.Build.0 = Debug|Any CPU
		{D45593F1-352F-49A2-AD46-95418CF9CC6E}.Debug|x64.ActiveCfg = Debug|Any CPU
		{D45593F1-352F-49A2-AD46-95418CF9CC6E}.Debug|x64.Build.0 = Debug|Any CPU
		{D45593F1-352F-49A2-AD46-95418CF9CC6E}.Debug|x86.ActiveCfg = Debug|Any CPU
		{D45593F1-352F-49A2-AD46-95418CF9CC6E}.Debug|x86.Build.0 = Debug|Any CPU
		{D45593F1-352F-49A2-AD46-95418CF9CC6E}.Release|Any CPU.ActiveCfg = Release|Any CPU
		{D45593F1-352F-49A2-AD46-95418CF9CC6E}.Release|Any CPU.Build.0 = Release|Any CPU
		{D45593F1-352F-49A2-AD46-95418CF9CC6E}.Release|x64.ActiveCfg = Release|Any CPU
		{D45593F1-352F-49A2-AD46-95418CF9CC6E}.Release|x64.Build.0 = Release|Any CPU
		{D45593F1-352F-49A2-AD46-95418CF9CC6E}.Release|x86.ActiveCfg = Release|Any CPU
		{D45593F1-352F-49A2-AD46-95418CF9CC6E}.Release|x86.Build.0 = Release|Any CPU
		{FBB7BFB5-9A4E-4962-8158-FB70237B9BB0}.Debug|Any CPU.ActiveCfg = Debug|Any CPU
		{FBB7BFB5-9A4E-4962-8158-FB70237B9BB0}.Debug|Any CPU.Build.0 = Debug|Any CPU
		{FBB7BFB5-9A4E-4962-8158-FB70237B9BB0}.Debug|x64.ActiveCfg = Debug|Any CPU
		{FBB7BFB5-9A4E-4962-8158-FB70237B9BB0}.Debug|x64.Build.0 = Debug|Any CPU
		{FBB7BFB5-9A4E-4962-8158-FB70237B9BB0}.Debug|x86.ActiveCfg = Debug|Any CPU
		{FBB7BFB5-9A4E-4962-8158-FB70237B9BB0}.Debug|x86.Build.0 = Debug|Any CPU
		{FBB7BFB5-9A4E-4962-8158-FB70237B9BB0}.Release|Any CPU.ActiveCfg = Release|Any CPU
		{FBB7BFB5-9A4E-4962-8158-FB70237B9BB0}.Release|Any CPU.Build.0 = Release|Any CPU
		{FBB7BFB5-9A4E-4962-8158-FB70237B9BB0}.Release|x64.ActiveCfg = Release|Any CPU
		{FBB7BFB5-9A4E-4962-8158-FB70237B9BB0}.Release|x64.Build.0 = Release|Any CPU
		{FBB7BFB5-9A4E-4962-8158-FB70237B9BB0}.Release|x86.ActiveCfg = Release|Any CPU
		{FBB7BFB5-9A4E-4962-8158-FB70237B9BB0}.Release|x86.Build.0 = Release|Any CPU
		{2EA7EEB6-F3AA-4BF7-B33C-3ACB6E525A54}.Debug|Any CPU.ActiveCfg = Debug|Any CPU
		{2EA7EEB6-F3AA-4BF7-B33C-3ACB6E525A54}.Debug|Any CPU.Build.0 = Debug|Any CPU
		{2EA7EEB6-F3AA-4BF7-B33C-3ACB6E525A54}.Debug|x64.ActiveCfg = Debug|Any CPU
		{2EA7EEB6-F3AA-4BF7-B33C-3ACB6E525A54}.Debug|x64.Build.0 = Debug|Any CPU
		{2EA7EEB6-F3AA-4BF7-B33C-3ACB6E525A54}.Debug|x86.ActiveCfg = Debug|Any CPU
		{2EA7EEB6-F3AA-4BF7-B33C-3ACB6E525A54}.Debug|x86.Build.0 = Debug|Any CPU
		{2EA7EEB6-F3AA-4BF7-B33C-3ACB6E525A54}.Release|Any CPU.ActiveCfg = Release|Any CPU
		{2EA7EEB6-F3AA-4BF7-B33C-3ACB6E525A54}.Release|Any CPU.Build.0 = Release|Any CPU
		{2EA7EEB6-F3AA-4BF7-B33C-3ACB6E525A54}.Release|x64.ActiveCfg = Release|Any CPU
		{2EA7EEB6-F3AA-4BF7-B33C-3ACB6E525A54}.Release|x64.Build.0 = Release|Any CPU
		{2EA7EEB6-F3AA-4BF7-B33C-3ACB6E525A54}.Release|x86.ActiveCfg = Release|Any CPU
		{2EA7EEB6-F3AA-4BF7-B33C-3ACB6E525A54}.Release|x86.Build.0 = Release|Any CPU
		{1876439B-B519-493A-B76F-CD01DF83C8C7}.Debug|Any CPU.ActiveCfg = Debug|Any CPU
		{1876439B-B519-493A-B76F-CD01DF83C8C7}.Debug|Any CPU.Build.0 = Debug|Any CPU
		{1876439B-B519-493A-B76F-CD01DF83C8C7}.Debug|x64.ActiveCfg = Debug|Any CPU
		{1876439B-B519-493A-B76F-CD01DF83C8C7}.Debug|x64.Build.0 = Debug|Any CPU
		{1876439B-B519-493A-B76F-CD01DF83C8C7}.Debug|x86.ActiveCfg = Debug|Any CPU
		{1876439B-B519-493A-B76F-CD01DF83C8C7}.Debug|x86.Build.0 = Debug|Any CPU
		{1876439B-B519-493A-B76F-CD01DF83C8C7}.Release|Any CPU.ActiveCfg = Release|Any CPU
		{1876439B-B519-493A-B76F-CD01DF83C8C7}.Release|Any CPU.Build.0 = Release|Any CPU
		{1876439B-B519-493A-B76F-CD01DF83C8C7}.Release|x64.ActiveCfg = Release|Any CPU
		{1876439B-B519-493A-B76F-CD01DF83C8C7}.Release|x64.Build.0 = Release|Any CPU
		{1876439B-B519-493A-B76F-CD01DF83C8C7}.Release|x86.ActiveCfg = Release|Any CPU
		{1876439B-B519-493A-B76F-CD01DF83C8C7}.Release|x86.Build.0 = Release|Any CPU
		{7E98F637-606F-4900-9D69-781A6FABFF9D}.Debug|Any CPU.ActiveCfg = Debug|Any CPU
		{7E98F637-606F-4900-9D69-781A6FABFF9D}.Debug|Any CPU.Build.0 = Debug|Any CPU
		{7E98F637-606F-4900-9D69-781A6FABFF9D}.Debug|x64.ActiveCfg = Debug|Any CPU
		{7E98F637-606F-4900-9D69-781A6FABFF9D}.Debug|x64.Build.0 = Debug|Any CPU
		{7E98F637-606F-4900-9D69-781A6FABFF9D}.Debug|x86.ActiveCfg = Debug|Any CPU
		{7E98F637-606F-4900-9D69-781A6FABFF9D}.Debug|x86.Build.0 = Debug|Any CPU
		{7E98F637-606F-4900-9D69-781A6FABFF9D}.Release|Any CPU.ActiveCfg = Release|Any CPU
		{7E98F637-606F-4900-9D69-781A6FABFF9D}.Release|Any CPU.Build.0 = Release|Any CPU
		{7E98F637-606F-4900-9D69-781A6FABFF9D}.Release|x64.ActiveCfg = Release|Any CPU
		{7E98F637-606F-4900-9D69-781A6FABFF9D}.Release|x64.Build.0 = Release|Any CPU
		{7E98F637-606F-4900-9D69-781A6FABFF9D}.Release|x86.ActiveCfg = Release|Any CPU
		{7E98F637-606F-4900-9D69-781A6FABFF9D}.Release|x86.Build.0 = Release|Any CPU
		{E7D47BC7-218A-4178-A8F6-D0745A62068D}.Debug|Any CPU.ActiveCfg = Debug|Any CPU
		{E7D47BC7-218A-4178-A8F6-D0745A62068D}.Debug|Any CPU.Build.0 = Debug|Any CPU
		{E7D47BC7-218A-4178-A8F6-D0745A62068D}.Debug|x64.ActiveCfg = Debug|Any CPU
		{E7D47BC7-218A-4178-A8F6-D0745A62068D}.Debug|x64.Build.0 = Debug|Any CPU
		{E7D47BC7-218A-4178-A8F6-D0745A62068D}.Debug|x86.ActiveCfg = Debug|Any CPU
		{E7D47BC7-218A-4178-A8F6-D0745A62068D}.Debug|x86.Build.0 = Debug|Any CPU
		{E7D47BC7-218A-4178-A8F6-D0745A62068D}.Release|Any CPU.ActiveCfg = Release|Any CPU
		{E7D47BC7-218A-4178-A8F6-D0745A62068D}.Release|Any CPU.Build.0 = Release|Any CPU
		{E7D47BC7-218A-4178-A8F6-D0745A62068D}.Release|x64.ActiveCfg = Release|Any CPU
		{E7D47BC7-218A-4178-A8F6-D0745A62068D}.Release|x64.Build.0 = Release|Any CPU
		{E7D47BC7-218A-4178-A8F6-D0745A62068D}.Release|x86.ActiveCfg = Release|Any CPU
		{E7D47BC7-218A-4178-A8F6-D0745A62068D}.Release|x86.Build.0 = Release|Any CPU
		{078ADB4F-A708-4493-9C8C-AF6BA6230207}.Debug|Any CPU.ActiveCfg = Debug|Any CPU
		{078ADB4F-A708-4493-9C8C-AF6BA6230207}.Debug|Any CPU.Build.0 = Debug|Any CPU
		{078ADB4F-A708-4493-9C8C-AF6BA6230207}.Debug|x64.ActiveCfg = Debug|Any CPU
		{078ADB4F-A708-4493-9C8C-AF6BA6230207}.Debug|x64.Build.0 = Debug|Any CPU
		{078ADB4F-A708-4493-9C8C-AF6BA6230207}.Debug|x86.ActiveCfg = Debug|Any CPU
		{078ADB4F-A708-4493-9C8C-AF6BA6230207}.Debug|x86.Build.0 = Debug|Any CPU
		{078ADB4F-A708-4493-9C8C-AF6BA6230207}.Release|Any CPU.ActiveCfg = Release|Any CPU
		{078ADB4F-A708-4493-9C8C-AF6BA6230207}.Release|Any CPU.Build.0 = Release|Any CPU
		{078ADB4F-A708-4493-9C8C-AF6BA6230207}.Release|x64.ActiveCfg = Release|Any CPU
		{078ADB4F-A708-4493-9C8C-AF6BA6230207}.Release|x64.Build.0 = Release|Any CPU
		{078ADB4F-A708-4493-9C8C-AF6BA6230207}.Release|x86.ActiveCfg = Release|Any CPU
		{078ADB4F-A708-4493-9C8C-AF6BA6230207}.Release|x86.Build.0 = Release|Any CPU
		{2F9BB178-3668-4045-B26F-AB64D48DF85E}.Debug|Any CPU.ActiveCfg = Debug|Any CPU
		{2F9BB178-3668-4045-B26F-AB64D48DF85E}.Debug|Any CPU.Build.0 = Debug|Any CPU
		{2F9BB178-3668-4045-B26F-AB64D48DF85E}.Debug|x64.ActiveCfg = Debug|Any CPU
		{2F9BB178-3668-4045-B26F-AB64D48DF85E}.Debug|x64.Build.0 = Debug|Any CPU
		{2F9BB178-3668-4045-B26F-AB64D48DF85E}.Debug|x86.ActiveCfg = Debug|Any CPU
		{2F9BB178-3668-4045-B26F-AB64D48DF85E}.Debug|x86.Build.0 = Debug|Any CPU
		{2F9BB178-3668-4045-B26F-AB64D48DF85E}.Release|Any CPU.ActiveCfg = Release|Any CPU
		{2F9BB178-3668-4045-B26F-AB64D48DF85E}.Release|Any CPU.Build.0 = Release|Any CPU
		{2F9BB178-3668-4045-B26F-AB64D48DF85E}.Release|x64.ActiveCfg = Release|Any CPU
		{2F9BB178-3668-4045-B26F-AB64D48DF85E}.Release|x64.Build.0 = Release|Any CPU
		{2F9BB178-3668-4045-B26F-AB64D48DF85E}.Release|x86.ActiveCfg = Release|Any CPU
		{2F9BB178-3668-4045-B26F-AB64D48DF85E}.Release|x86.Build.0 = Release|Any CPU
		{D5816D6A-6863-4915-8FD0-D6735F330B88}.Debug|Any CPU.ActiveCfg = Debug|Any CPU
		{D5816D6A-6863-4915-8FD0-D6735F330B88}.Debug|Any CPU.Build.0 = Debug|Any CPU
		{D5816D6A-6863-4915-8FD0-D6735F330B88}.Debug|x64.ActiveCfg = Debug|Any CPU
		{D5816D6A-6863-4915-8FD0-D6735F330B88}.Debug|x64.Build.0 = Debug|Any CPU
		{D5816D6A-6863-4915-8FD0-D6735F330B88}.Debug|x86.ActiveCfg = Debug|Any CPU
		{D5816D6A-6863-4915-8FD0-D6735F330B88}.Debug|x86.Build.0 = Debug|Any CPU
		{D5816D6A-6863-4915-8FD0-D6735F330B88}.Release|Any CPU.ActiveCfg = Release|Any CPU
		{D5816D6A-6863-4915-8FD0-D6735F330B88}.Release|Any CPU.Build.0 = Release|Any CPU
		{D5816D6A-6863-4915-8FD0-D6735F330B88}.Release|x64.ActiveCfg = Release|Any CPU
		{D5816D6A-6863-4915-8FD0-D6735F330B88}.Release|x64.Build.0 = Release|Any CPU
		{D5816D6A-6863-4915-8FD0-D6735F330B88}.Release|x86.ActiveCfg = Release|Any CPU
		{D5816D6A-6863-4915-8FD0-D6735F330B88}.Release|x86.Build.0 = Release|Any CPU
		{BCB79B88-A5FE-4F0F-A08C-66622097A682}.Debug|Any CPU.ActiveCfg = Debug|Any CPU
		{BCB79B88-A5FE-4F0F-A08C-66622097A682}.Debug|Any CPU.Build.0 = Debug|Any CPU
		{BCB79B88-A5FE-4F0F-A08C-66622097A682}.Debug|x64.ActiveCfg = Debug|Any CPU
		{BCB79B88-A5FE-4F0F-A08C-66622097A682}.Debug|x64.Build.0 = Debug|Any CPU
		{BCB79B88-A5FE-4F0F-A08C-66622097A682}.Debug|x86.ActiveCfg = Debug|Any CPU
		{BCB79B88-A5FE-4F0F-A08C-66622097A682}.Debug|x86.Build.0 = Debug|Any CPU
		{BCB79B88-A5FE-4F0F-A08C-66622097A682}.Release|Any CPU.ActiveCfg = Release|Any CPU
		{BCB79B88-A5FE-4F0F-A08C-66622097A682}.Release|Any CPU.Build.0 = Release|Any CPU
		{BCB79B88-A5FE-4F0F-A08C-66622097A682}.Release|x64.ActiveCfg = Release|Any CPU
		{BCB79B88-A5FE-4F0F-A08C-66622097A682}.Release|x64.Build.0 = Release|Any CPU
		{BCB79B88-A5FE-4F0F-A08C-66622097A682}.Release|x86.ActiveCfg = Release|Any CPU
		{BCB79B88-A5FE-4F0F-A08C-66622097A682}.Release|x86.Build.0 = Release|Any CPU
		{D1E90378-C16A-4414-926D-880D9CB32D64}.Debug|Any CPU.ActiveCfg = Debug|Any CPU
		{D1E90378-C16A-4414-926D-880D9CB32D64}.Debug|Any CPU.Build.0 = Debug|Any CPU
		{D1E90378-C16A-4414-926D-880D9CB32D64}.Debug|x64.ActiveCfg = Debug|Any CPU
		{D1E90378-C16A-4414-926D-880D9CB32D64}.Debug|x64.Build.0 = Debug|Any CPU
		{D1E90378-C16A-4414-926D-880D9CB32D64}.Debug|x86.ActiveCfg = Debug|Any CPU
		{D1E90378-C16A-4414-926D-880D9CB32D64}.Debug|x86.Build.0 = Debug|Any CPU
		{D1E90378-C16A-4414-926D-880D9CB32D64}.Release|Any CPU.ActiveCfg = Release|Any CPU
		{D1E90378-C16A-4414-926D-880D9CB32D64}.Release|Any CPU.Build.0 = Release|Any CPU
		{D1E90378-C16A-4414-926D-880D9CB32D64}.Release|x64.ActiveCfg = Release|Any CPU
		{D1E90378-C16A-4414-926D-880D9CB32D64}.Release|x64.Build.0 = Release|Any CPU
		{D1E90378-C16A-4414-926D-880D9CB32D64}.Release|x86.ActiveCfg = Release|Any CPU
		{D1E90378-C16A-4414-926D-880D9CB32D64}.Release|x86.Build.0 = Release|Any CPU
		{BFD83F4F-C26A-413A-9632-44860E7555E9}.Debug|Any CPU.ActiveCfg = Debug|Any CPU
		{BFD83F4F-C26A-413A-9632-44860E7555E9}.Debug|Any CPU.Build.0 = Debug|Any CPU
		{BFD83F4F-C26A-413A-9632-44860E7555E9}.Debug|x64.ActiveCfg = Debug|Any CPU
		{BFD83F4F-C26A-413A-9632-44860E7555E9}.Debug|x64.Build.0 = Debug|Any CPU
		{BFD83F4F-C26A-413A-9632-44860E7555E9}.Debug|x86.ActiveCfg = Debug|Any CPU
		{BFD83F4F-C26A-413A-9632-44860E7555E9}.Debug|x86.Build.0 = Debug|Any CPU
		{BFD83F4F-C26A-413A-9632-44860E7555E9}.Release|Any CPU.ActiveCfg = Release|Any CPU
		{BFD83F4F-C26A-413A-9632-44860E7555E9}.Release|Any CPU.Build.0 = Release|Any CPU
		{BFD83F4F-C26A-413A-9632-44860E7555E9}.Release|x64.ActiveCfg = Release|Any CPU
		{BFD83F4F-C26A-413A-9632-44860E7555E9}.Release|x64.Build.0 = Release|Any CPU
		{BFD83F4F-C26A-413A-9632-44860E7555E9}.Release|x86.ActiveCfg = Release|Any CPU
		{BFD83F4F-C26A-413A-9632-44860E7555E9}.Release|x86.Build.0 = Release|Any CPU
		{7C72807B-AAE2-499E-A635-F2206E88B4A0}.Debug|Any CPU.ActiveCfg = Debug|Any CPU
		{7C72807B-AAE2-499E-A635-F2206E88B4A0}.Debug|Any CPU.Build.0 = Debug|Any CPU
		{7C72807B-AAE2-499E-A635-F2206E88B4A0}.Debug|x64.ActiveCfg = Debug|Any CPU
		{7C72807B-AAE2-499E-A635-F2206E88B4A0}.Debug|x64.Build.0 = Debug|Any CPU
		{7C72807B-AAE2-499E-A635-F2206E88B4A0}.Debug|x86.ActiveCfg = Debug|Any CPU
		{7C72807B-AAE2-499E-A635-F2206E88B4A0}.Debug|x86.Build.0 = Debug|Any CPU
		{7C72807B-AAE2-499E-A635-F2206E88B4A0}.Release|Any CPU.ActiveCfg = Release|Any CPU
		{7C72807B-AAE2-499E-A635-F2206E88B4A0}.Release|Any CPU.Build.0 = Release|Any CPU
		{7C72807B-AAE2-499E-A635-F2206E88B4A0}.Release|x64.ActiveCfg = Release|Any CPU
		{7C72807B-AAE2-499E-A635-F2206E88B4A0}.Release|x64.Build.0 = Release|Any CPU
		{7C72807B-AAE2-499E-A635-F2206E88B4A0}.Release|x86.ActiveCfg = Release|Any CPU
		{7C72807B-AAE2-499E-A635-F2206E88B4A0}.Release|x86.Build.0 = Release|Any CPU
		{5EA2EA32-4554-4335-8860-0FBAC0A1B854}.Debug|Any CPU.ActiveCfg = Debug|Any CPU
		{5EA2EA32-4554-4335-8860-0FBAC0A1B854}.Debug|Any CPU.Build.0 = Debug|Any CPU
		{5EA2EA32-4554-4335-8860-0FBAC0A1B854}.Debug|x64.ActiveCfg = Debug|Any CPU
		{5EA2EA32-4554-4335-8860-0FBAC0A1B854}.Debug|x64.Build.0 = Debug|Any CPU
		{5EA2EA32-4554-4335-8860-0FBAC0A1B854}.Debug|x86.ActiveCfg = Debug|Any CPU
		{5EA2EA32-4554-4335-8860-0FBAC0A1B854}.Debug|x86.Build.0 = Debug|Any CPU
		{5EA2EA32-4554-4335-8860-0FBAC0A1B854}.Release|Any CPU.ActiveCfg = Release|Any CPU
		{5EA2EA32-4554-4335-8860-0FBAC0A1B854}.Release|Any CPU.Build.0 = Release|Any CPU
		{5EA2EA32-4554-4335-8860-0FBAC0A1B854}.Release|x64.ActiveCfg = Release|Any CPU
		{5EA2EA32-4554-4335-8860-0FBAC0A1B854}.Release|x64.Build.0 = Release|Any CPU
		{5EA2EA32-4554-4335-8860-0FBAC0A1B854}.Release|x86.ActiveCfg = Release|Any CPU
		{5EA2EA32-4554-4335-8860-0FBAC0A1B854}.Release|x86.Build.0 = Release|Any CPU
		{E018C870-1D4B-4825-B45A-E7245DD9EA2B}.Debug|Any CPU.ActiveCfg = Debug|Any CPU
		{E018C870-1D4B-4825-B45A-E7245DD9EA2B}.Debug|Any CPU.Build.0 = Debug|Any CPU
		{E018C870-1D4B-4825-B45A-E7245DD9EA2B}.Debug|x64.ActiveCfg = Debug|Any CPU
		{E018C870-1D4B-4825-B45A-E7245DD9EA2B}.Debug|x64.Build.0 = Debug|Any CPU
		{E018C870-1D4B-4825-B45A-E7245DD9EA2B}.Debug|x86.ActiveCfg = Debug|Any CPU
		{E018C870-1D4B-4825-B45A-E7245DD9EA2B}.Debug|x86.Build.0 = Debug|Any CPU
		{E018C870-1D4B-4825-B45A-E7245DD9EA2B}.Release|Any CPU.ActiveCfg = Release|Any CPU
		{E018C870-1D4B-4825-B45A-E7245DD9EA2B}.Release|Any CPU.Build.0 = Release|Any CPU
		{E018C870-1D4B-4825-B45A-E7245DD9EA2B}.Release|x64.ActiveCfg = Release|Any CPU
		{E018C870-1D4B-4825-B45A-E7245DD9EA2B}.Release|x64.Build.0 = Release|Any CPU
		{E018C870-1D4B-4825-B45A-E7245DD9EA2B}.Release|x86.ActiveCfg = Release|Any CPU
		{E018C870-1D4B-4825-B45A-E7245DD9EA2B}.Release|x86.Build.0 = Release|Any CPU
		{11CA8C5A-563F-4FDC-857A-07E62AAFC97E}.Debug|Any CPU.ActiveCfg = Debug|Any CPU
		{11CA8C5A-563F-4FDC-857A-07E62AAFC97E}.Debug|Any CPU.Build.0 = Debug|Any CPU
		{11CA8C5A-563F-4FDC-857A-07E62AAFC97E}.Debug|x64.ActiveCfg = Debug|Any CPU
		{11CA8C5A-563F-4FDC-857A-07E62AAFC97E}.Debug|x64.Build.0 = Debug|Any CPU
		{11CA8C5A-563F-4FDC-857A-07E62AAFC97E}.Debug|x86.ActiveCfg = Debug|Any CPU
		{11CA8C5A-563F-4FDC-857A-07E62AAFC97E}.Debug|x86.Build.0 = Debug|Any CPU
		{11CA8C5A-563F-4FDC-857A-07E62AAFC97E}.Release|Any CPU.ActiveCfg = Release|Any CPU
		{11CA8C5A-563F-4FDC-857A-07E62AAFC97E}.Release|Any CPU.Build.0 = Release|Any CPU
		{11CA8C5A-563F-4FDC-857A-07E62AAFC97E}.Release|x64.ActiveCfg = Release|Any CPU
		{11CA8C5A-563F-4FDC-857A-07E62AAFC97E}.Release|x64.Build.0 = Release|Any CPU
		{11CA8C5A-563F-4FDC-857A-07E62AAFC97E}.Release|x86.ActiveCfg = Release|Any CPU
		{11CA8C5A-563F-4FDC-857A-07E62AAFC97E}.Release|x86.Build.0 = Release|Any CPU
		{BA26DBE3-4C56-4587-B231-E3DBF62FB46B}.Debug|Any CPU.ActiveCfg = Debug|Any CPU
		{BA26DBE3-4C56-4587-B231-E3DBF62FB46B}.Debug|Any CPU.Build.0 = Debug|Any CPU
		{BA26DBE3-4C56-4587-B231-E3DBF62FB46B}.Debug|x64.ActiveCfg = Debug|Any CPU
		{BA26DBE3-4C56-4587-B231-E3DBF62FB46B}.Debug|x64.Build.0 = Debug|Any CPU
		{BA26DBE3-4C56-4587-B231-E3DBF62FB46B}.Debug|x86.ActiveCfg = Debug|Any CPU
		{BA26DBE3-4C56-4587-B231-E3DBF62FB46B}.Debug|x86.Build.0 = Debug|Any CPU
		{BA26DBE3-4C56-4587-B231-E3DBF62FB46B}.Release|Any CPU.ActiveCfg = Release|Any CPU
		{BA26DBE3-4C56-4587-B231-E3DBF62FB46B}.Release|Any CPU.Build.0 = Release|Any CPU
		{BA26DBE3-4C56-4587-B231-E3DBF62FB46B}.Release|x64.ActiveCfg = Release|Any CPU
		{BA26DBE3-4C56-4587-B231-E3DBF62FB46B}.Release|x64.Build.0 = Release|Any CPU
		{BA26DBE3-4C56-4587-B231-E3DBF62FB46B}.Release|x86.ActiveCfg = Release|Any CPU
		{BA26DBE3-4C56-4587-B231-E3DBF62FB46B}.Release|x86.Build.0 = Release|Any CPU
	EndGlobalSection
	GlobalSection(SolutionProperties) = preSolution
		HideSolutionNode = FALSE
	EndGlobalSection
	GlobalSection(NestedProjects) = preSolution
		{47FBF0D1-A7F4-466C-88FE-D1480866BAA0} = {52A274E7-E05A-428E-BEC4-32D1093BDD3B}
		{2CB448F0-ABAA-47DB-88EC-5054B6A7520C} = {52A274E7-E05A-428E-BEC4-32D1093BDD3B}
		{A8D0C441-C34D-4134-857D-C3F8E0564D80} = {52A274E7-E05A-428E-BEC4-32D1093BDD3B}
		{B734EE08-7371-4433-BEC7-EA2EAB1B9C30} = {52A274E7-E05A-428E-BEC4-32D1093BDD3B}
		{F9DDBC93-16D4-4AF7-AC88-EA7DC1CDB8C3} = {52A274E7-E05A-428E-BEC4-32D1093BDD3B}
		{80299219-5C62-4B01-B0A3-3E8C950B4C7C} = {DB0419D5-19D4-43D7-B268-A74FC0807060}
		{D8C6A2E3-322C-480D-A5E8-A7AB1385226C} = {DB0419D5-19D4-43D7-B268-A74FC0807060}
		{D2ED80A0-9631-406E-85EF-C633B93BED53} = {DB0419D5-19D4-43D7-B268-A74FC0807060}
		{1B9B0A56-CCE8-4E05-B6F2-7C61F05552EF} = {208A544E-E157-430C-87B5-F0A3079884B8}
		{ECD1E0A0-A2FC-462C-B04C-BCFDCBF58D91} = {208A544E-E157-430C-87B5-F0A3079884B8}
		{0F686D0B-AB3D-4DA1-A2B5-474A3D665121} = {208A544E-E157-430C-87B5-F0A3079884B8}
		{72BCA0B7-8503-4E08-803B-4CA0DFFB4715} = {208A544E-E157-430C-87B5-F0A3079884B8}
		{90AF16D8-F28A-4699-A7DA-9499384959E2} = {208A544E-E157-430C-87B5-F0A3079884B8}
		{940E6E32-9D83-4EA2-A03B-7C26E0282D2A} = {5E188DED-8C7D-42D0-BCCB-E0280AAD4CD3}
		{74E0BBA4-77A6-4649-B1E6-6F7EAFBC8956} = {5E188DED-8C7D-42D0-BCCB-E0280AAD4CD3}
		{81644056-DFA2-4B15-937D-C9D6F5F33B22} = {5E188DED-8C7D-42D0-BCCB-E0280AAD4CD3}
		{2C912187-5818-4773-817B-76D5BA7C973C} = {26055E53-4565-4C28-9051-EB6756B8488C}
		{917B3581-8022-4E58-85AD-68D9A0D44AE1} = {26055E53-4565-4C28-9051-EB6756B8488C}
		{48F1BB8E-2430-49FF-92B7-7118876AA76F} = {724BEB9B-60DF-401D-9B69-2C6CEF2369F9}
		{4E44258B-3B71-414A-B0A6-09166166EE7D} = {724BEB9B-60DF-401D-9B69-2C6CEF2369F9}
		{0BE0CB85-6646-4E5A-8F9A-842930D73AD3} = {473ECD3E-2C07-4BB4-B35C-F902E82ACC89}
		{BB0B539B-F36D-464E-A83D-1BF5445C5B57} = {473ECD3E-2C07-4BB4-B35C-F902E82ACC89}
		{6793593B-C8AD-4AEA-92C0-1D944FF68AE8} = {473ECD3E-2C07-4BB4-B35C-F902E82ACC89}
		{75AA9439-46DC-4DB4-82AD-66C03F79610A} = {B2421A4B-68A2-460D-AB39-0FAD24BDEE1D}
		{5EB97D2D-6793-4FA5-906A-B3D65D5E0A70} = {B2421A4B-68A2-460D-AB39-0FAD24BDEE1D}
		{52A274E7-E05A-428E-BEC4-32D1093BDD3B} = {98A9934F-72C8-43E4-AC59-F8E808093B34}
		{43A3C6D2-7DB2-40DD-8939-628B1B3DCC3D} = {98A9934F-72C8-43E4-AC59-F8E808093B34}
		{26055E53-4565-4C28-9051-EB6756B8488C} = {98A9934F-72C8-43E4-AC59-F8E808093B34}
		{D529A642-2B91-4A99-8A5D-828358E1640D} = {98A9934F-72C8-43E4-AC59-F8E808093B34}
		{D8E8A684-0ED7-4D20-B292-A376F25D8C5F} = {B2421A4B-68A2-460D-AB39-0FAD24BDEE1D}
		{D0F2854F-2BA4-4E06-99D9-330066290989} = {B2421A4B-68A2-460D-AB39-0FAD24BDEE1D}
		{3DA6D8F5-A83D-4A23-9A0B-348B629EAD07} = {F4066C16-D0D6-4FDC-A91B-B79F10440934}
		{1E90ACFC-03C0-4FD4-81C6-0E75B918944B} = {F4066C16-D0D6-4FDC-A91B-B79F10440934}
		{861A956A-65E1-438E-9660-A467C873FE99} = {89DB0C89-779D-41A1-BA7B-A1EA49F072BA}
		{D45593F1-352F-49A2-AD46-95418CF9CC6E} = {89DB0C89-779D-41A1-BA7B-A1EA49F072BA}
		{FBB7BFB5-9A4E-4962-8158-FB70237B9BB0} = {89DB0C89-779D-41A1-BA7B-A1EA49F072BA}
		{2EA7EEB6-F3AA-4BF7-B33C-3ACB6E525A54} = {89DB0C89-779D-41A1-BA7B-A1EA49F072BA}
		{1876439B-B519-493A-B76F-CD01DF83C8C7} = {DAD1EE3A-0C13-4218-9ABA-8F6C6FA5959D}
		{DB0419D5-19D4-43D7-B268-A74FC0807060} = {43A3C6D2-7DB2-40DD-8939-628B1B3DCC3D}
		{208A544E-E157-430C-87B5-F0A3079884B8} = {43A3C6D2-7DB2-40DD-8939-628B1B3DCC3D}
		{5E188DED-8C7D-42D0-BCCB-E0280AAD4CD3} = {43A3C6D2-7DB2-40DD-8939-628B1B3DCC3D}
		{724BEB9B-60DF-401D-9B69-2C6CEF2369F9} = {D529A642-2B91-4A99-8A5D-828358E1640D}
		{A7A35B83-2613-49B2-9744-DDFE0CAD0453} = {D529A642-2B91-4A99-8A5D-828358E1640D}
		{473ECD3E-2C07-4BB4-B35C-F902E82ACC89} = {D529A642-2B91-4A99-8A5D-828358E1640D}
		{B2421A4B-68A2-460D-AB39-0FAD24BDEE1D} = {98A9934F-72C8-43E4-AC59-F8E808093B34}
		{F4066C16-D0D6-4FDC-A91B-B79F10440934} = {98A9934F-72C8-43E4-AC59-F8E808093B34}
		{89DB0C89-779D-41A1-BA7B-A1EA49F072BA} = {98A9934F-72C8-43E4-AC59-F8E808093B34}
		{DAD1EE3A-0C13-4218-9ABA-8F6C6FA5959D} = {98A9934F-72C8-43E4-AC59-F8E808093B34}
		{7E98F637-606F-4900-9D69-781A6FABFF9D} = {B2421A4B-68A2-460D-AB39-0FAD24BDEE1D}
		{E7D47BC7-218A-4178-A8F6-D0745A62068D} = {473ECD3E-2C07-4BB4-B35C-F902E82ACC89}
		{078ADB4F-A708-4493-9C8C-AF6BA6230207} = {B09FD448-0828-454D-814F-007AA12475B7}
		{B09FD448-0828-454D-814F-007AA12475B7} = {98A9934F-72C8-43E4-AC59-F8E808093B34}
		{2F9BB178-3668-4045-B26F-AB64D48DF85E} = {473ECD3E-2C07-4BB4-B35C-F902E82ACC89}
		{D5816D6A-6863-4915-8FD0-D6735F330B88} = {B2421A4B-68A2-460D-AB39-0FAD24BDEE1D}
		{BCB79B88-A5FE-4F0F-A08C-66622097A682} = {A7A35B83-2613-49B2-9744-DDFE0CAD0453}
		{D1E90378-C16A-4414-926D-880D9CB32D64} = {B2421A4B-68A2-460D-AB39-0FAD24BDEE1D}
		{BFD83F4F-C26A-413A-9632-44860E7555E9} = {B2421A4B-68A2-460D-AB39-0FAD24BDEE1D}
		{7C72807B-AAE2-499E-A635-F2206E88B4A0} = {B2421A4B-68A2-460D-AB39-0FAD24BDEE1D}
		{5EA2EA32-4554-4335-8860-0FBAC0A1B854} = {208A544E-E157-430C-87B5-F0A3079884B8}
		{E018C870-1D4B-4825-B45A-E7245DD9EA2B} = {B2421A4B-68A2-460D-AB39-0FAD24BDEE1D}
		{11CA8C5A-563F-4FDC-857A-07E62AAFC97E} = {B2421A4B-68A2-460D-AB39-0FAD24BDEE1D}
		{BA26DBE3-4C56-4587-B231-E3DBF62FB46B} = {B2421A4B-68A2-460D-AB39-0FAD24BDEE1D}
	EndGlobalSection
	GlobalSection(ExtensibilityGlobals) = postSolution
		SolutionGuid = {0A33BA31-9FCE-4B51-877B-DC4D957BB2D1}
	EndGlobalSection
EndGlobal
